
Microsoft Visual Studio Solution File, Format Version 12.00
# Visual Studio 2013
VisualStudioVersion = 12.0.31101.0
MinimumVisualStudioVersion = 10.0.40219.1
Project("{FAE04EC0-301F-11D3-BF4B-00C04F79EFBC}") = "MobiliTips.MvxPlugin.MvxForms", "MobiliTips.MvxPlugin.MvxForms\MobiliTips.MvxPlugin.MvxForms.csproj", "{06E23C6B-34B5-48B3-BF54-7FA470DA9B3A}"
EndProject
Project("{2150E333-8FDC-42A3-9474-1A3956D46DE8}") = "Samples", "Samples", "{C0577C10-B807-48CC-ABE8-FD8EB36A44FE}"
EndProject
Project("{FAE04EC0-301F-11D3-BF4B-00C04F79EFBC}") = "MobiliTips.MvxPlugin.MvxForms.Sample", "Samples\MobiliTips.MvxPlugin.MvxForms.Sample\MobiliTips.MvxPlugin.MvxForms.Sample.csproj", "{08BA11ED-70A2-49F5-BA94-58966B3D5401}"
EndProject
Project("{FAE04EC0-301F-11D3-BF4B-00C04F79EFBC}") = "MobiliTips.MvxPlugin.MvxForms.Sample.WinPhone", "Samples\MobiliTips.MvxPlugin.MvxForms.Sample.WinPhone\MobiliTips.MvxPlugin.MvxForms.Sample.WinPhone.csproj", "{C3839BBC-255F-47E9-A7A4-5F4B5F298956}"
EndProject
Project("{FAE04EC0-301F-11D3-BF4B-00C04F79EFBC}") = "MobiliTips.MvxPlugin.MvxForms.Sample.Droid", "Samples\MobiliTips.MvxPlugin.MvxForms.Sample.Droid\MobiliTips.MvxPlugin.MvxForms.Sample.Droid.csproj", "{896330E7-6233-4D41-801D-C24A29ED6F11}"
EndProject
Project("{2150E333-8FDC-42A3-9474-1A3956D46DE8}") = "NuSpec", "NuSpec", "{8BA26B31-B8C6-4D22-A790-CA97AC266D42}"
	ProjectSection(SolutionItems) = preProject
		NuSpec\MobiliTips.MvxPlugin.MvxForms.nuspec = NuSpec\MobiliTips.MvxPlugin.MvxForms.nuspec
	EndProjectSection
EndProject
Project("{2150E333-8FDC-42A3-9474-1A3956D46DE8}") = "CoreContent", "CoreContent", "{3185DF1B-169D-4282-9439-5060160B42D7}"
EndProject
Project("{2150E333-8FDC-42A3-9474-1A3956D46DE8}") = "ViewModels", "ViewModels", "{0170B6DA-3FF5-4676-B040-52CDBB0F8DE5}"
	ProjectSection(SolutionItems) = preProject
		NuSpec\CoreContent\ViewModels\BaseViewModel.cs.pp = NuSpec\CoreContent\ViewModels\BaseViewModel.cs.pp
		NuSpec\CoreContent\ViewModels\FirstViewModel.cs.pp = NuSpec\CoreContent\ViewModels\FirstViewModel.cs.pp
	EndProjectSection
EndProject
Project("{2150E333-8FDC-42A3-9474-1A3956D46DE8}") = "Views", "Views", "{DA9473CF-11DE-46F9-892B-78545CE46F62}"
	ProjectSection(SolutionItems) = preProject
		NuSpec\CoreContent\Views\FirstView.xaml.cs.pp = NuSpec\CoreContent\Views\FirstView.xaml.cs.pp
		NuSpec\CoreContent\Views\FirstView.xaml.pp = NuSpec\CoreContent\Views\FirstView.xaml.pp
	EndProjectSection
EndProject
Project("{2150E333-8FDC-42A3-9474-1A3956D46DE8}") = "DroidContent", "DroidContent", "{52B068A0-1918-4F7F-AE21-99F11FC3A85B}"
	ProjectSection(SolutionItems) = preProject
		NuSpec\DroidContent\MvxFormsApplicationMainActivity.cs.pp = NuSpec\DroidContent\MvxFormsApplicationMainActivity.cs.pp
	EndProjectSection
EndProject
Project("{2150E333-8FDC-42A3-9474-1A3956D46DE8}") = "TouchContent", "TouchContent", "{CC8CCAA1-B79A-46A9-8822-AF104520FDF3}"
EndProject
Project("{2150E333-8FDC-42A3-9474-1A3956D46DE8}") = "WindowsPhoneContent", "WindowsPhoneContent", "{ED1A2C71-EE78-4C0C-B7C7-49E3EB7DEE9A}"
	ProjectSection(SolutionItems) = preProject
		NuSpec\WindowsPhoneContent\MainPage.xaml.cs.pp = NuSpec\WindowsPhoneContent\MainPage.xaml.cs.pp
		NuSpec\WindowsPhoneContent\MainPage.xaml.pp = NuSpec\WindowsPhoneContent\MainPage.xaml.pp
	EndProjectSection
EndProject
Project("{2150E333-8FDC-42A3-9474-1A3956D46DE8}") = "Views", "Views", "{27EAD203-6F80-402A-B68E-8BA268E98774}"
	ProjectSection(SolutionItems) = preProject
		NuSpec\DroidContent\Views\BaseView.cs.pp = NuSpec\DroidContent\Views\BaseView.cs.pp
	EndProjectSection
EndProject
Project("{2150E333-8FDC-42A3-9474-1A3956D46DE8}") = "ToDo-MvxForms", "ToDo-MvxForms", "{F3AA92EA-10A4-475C-A2D0-0DDC37F0A43A}"
	ProjectSection(SolutionItems) = preProject
		NuSpec\DroidContent\ToDo-MvxForms\_ Droid Setup.txt = NuSpec\DroidContent\ToDo-MvxForms\_ Droid Setup.txt
	EndProjectSection
EndProject
Project("{2150E333-8FDC-42A3-9474-1A3956D46DE8}") = "ToDo-MvxForms", "ToDo-MvxForms", "{A6C9829E-C99B-4959-B06C-FB152EA0F510}"
	ProjectSection(SolutionItems) = preProject
		NuSpec\TouchContent\ToDo-MvxForms\_ Touch Setup.txt = NuSpec\TouchContent\ToDo-MvxForms\_ Touch Setup.txt
	EndProjectSection
EndProject
Project("{2150E333-8FDC-42A3-9474-1A3956D46DE8}") = "Views", "Views", "{0662022D-84E0-4A82-BFEA-D36BBFA3F99E}"
	ProjectSection(SolutionItems) = preProject
		NuSpec\TouchContent\Views\BaseView.cs.pp = NuSpec\TouchContent\Views\BaseView.cs.pp
	EndProjectSection
EndProject
Project("{2150E333-8FDC-42A3-9474-1A3956D46DE8}") = "ToDo-MvxForms", "ToDo-MvxForms", "{68F19503-08BE-4933-AE48-AB7DD18BD2EA}"
	ProjectSection(SolutionItems) = preProject
		NuSpec\WindowsPhoneContent\ToDo-MvxForms\_ WinPhone Setup.txt = NuSpec\WindowsPhoneContent\ToDo-MvxForms\_ WinPhone Setup.txt
	EndProjectSection
EndProject
Project("{2150E333-8FDC-42A3-9474-1A3956D46DE8}") = "Views", "Views", "{498A8C08-36E6-40B0-801B-624DFE59BA30}"
	ProjectSection(SolutionItems) = preProject
		NuSpec\WindowsPhoneContent\Views\BaseView.cs.pp = NuSpec\WindowsPhoneContent\Views\BaseView.cs.pp
	EndProjectSection
EndProject
Project("{2150E333-8FDC-42A3-9474-1A3956D46DE8}") = "Presenters", "Presenters", "{AC5AD05D-CD78-46C9-96D3-CA99D63B4A17}"
	ProjectSection(SolutionItems) = preProject
		NuSpec\DroidContent\Presenters\MvxFormsAndroidViewPresenter.cs.pp = NuSpec\DroidContent\Presenters\MvxFormsAndroidViewPresenter.cs.pp
	EndProjectSection
EndProject
Project("{2150E333-8FDC-42A3-9474-1A3956D46DE8}") = "Presenters", "Presenters", "{FA416C2F-D648-42AC-A68D-217FB808B51F}"
	ProjectSection(SolutionItems) = preProject
		NuSpec\TouchContent\Presenters\MvxFormsTouchViewPresenter.cs.pp = NuSpec\TouchContent\Presenters\MvxFormsTouchViewPresenter.cs.pp
	EndProjectSection
EndProject
Project("{FAE04EC0-301F-11D3-BF4B-00C04F79EFBC}") = "MobiliTips.MvxPlugin.MvxForms.Sample.iOS", "Samples\MobiliTips.MvxPlugin.MvxForms.Sample.iOS\MobiliTips.MvxPlugin.MvxForms.Sample.iOS.csproj", "{31885A1D-1804-4C39-94D3-1AC970EC62E8}"
EndProject
Project("{2150E333-8FDC-42A3-9474-1A3956D46DE8}") = "Presenters", "Presenters", "{58BA42D4-E560-4D60-8463-5F52E3023E8D}"
	ProjectSection(SolutionItems) = preProject
		NuSpec\WindowsPhoneContent\Presenters\MvxFormsWindowsPhoneViewPresenter.cs.pp = NuSpec\WindowsPhoneContent\Presenters\MvxFormsWindowsPhoneViewPresenter.cs.pp
	EndProjectSection
EndProject
Global
	GlobalSection(SolutionConfigurationPlatforms) = preSolution
		Ad-Hoc|Any CPU = Ad-Hoc|Any CPU
		Ad-Hoc|ARM = Ad-Hoc|ARM
		Ad-Hoc|iPhone = Ad-Hoc|iPhone
		Ad-Hoc|iPhoneSimulator = Ad-Hoc|iPhoneSimulator
		Ad-Hoc|Mixed Platforms = Ad-Hoc|Mixed Platforms
		Ad-Hoc|x86 = Ad-Hoc|x86
		AppStore|Any CPU = AppStore|Any CPU
		AppStore|ARM = AppStore|ARM
		AppStore|iPhone = AppStore|iPhone
		AppStore|iPhoneSimulator = AppStore|iPhoneSimulator
		AppStore|Mixed Platforms = AppStore|Mixed Platforms
		AppStore|x86 = AppStore|x86
		Debug|Any CPU = Debug|Any CPU
		Debug|ARM = Debug|ARM
		Debug|iPhone = Debug|iPhone
		Debug|iPhoneSimulator = Debug|iPhoneSimulator
		Debug|Mixed Platforms = Debug|Mixed Platforms
		Debug|x86 = Debug|x86
		Release|Any CPU = Release|Any CPU
		Release|ARM = Release|ARM
		Release|iPhone = Release|iPhone
		Release|iPhoneSimulator = Release|iPhoneSimulator
		Release|Mixed Platforms = Release|Mixed Platforms
		Release|x86 = Release|x86
	EndGlobalSection
	GlobalSection(ProjectConfigurationPlatforms) = postSolution
		{06E23C6B-34B5-48B3-BF54-7FA470DA9B3A}.Ad-Hoc|Any CPU.ActiveCfg = Release|Any CPU
		{06E23C6B-34B5-48B3-BF54-7FA470DA9B3A}.Ad-Hoc|Any CPU.Build.0 = Release|Any CPU
		{06E23C6B-34B5-48B3-BF54-7FA470DA9B3A}.Ad-Hoc|ARM.ActiveCfg = Release|Any CPU
		{06E23C6B-34B5-48B3-BF54-7FA470DA9B3A}.Ad-Hoc|iPhone.ActiveCfg = Release|Any CPU
		{06E23C6B-34B5-48B3-BF54-7FA470DA9B3A}.Ad-Hoc|iPhoneSimulator.ActiveCfg = Release|Any CPU
		{06E23C6B-34B5-48B3-BF54-7FA470DA9B3A}.Ad-Hoc|Mixed Platforms.ActiveCfg = Release|Any CPU
		{06E23C6B-34B5-48B3-BF54-7FA470DA9B3A}.Ad-Hoc|Mixed Platforms.Build.0 = Release|Any CPU
		{06E23C6B-34B5-48B3-BF54-7FA470DA9B3A}.Ad-Hoc|x86.ActiveCfg = Release|Any CPU
		{06E23C6B-34B5-48B3-BF54-7FA470DA9B3A}.AppStore|Any CPU.ActiveCfg = Release|Any CPU
		{06E23C6B-34B5-48B3-BF54-7FA470DA9B3A}.AppStore|Any CPU.Build.0 = Release|Any CPU
		{06E23C6B-34B5-48B3-BF54-7FA470DA9B3A}.AppStore|ARM.ActiveCfg = Release|Any CPU
		{06E23C6B-34B5-48B3-BF54-7FA470DA9B3A}.AppStore|iPhone.ActiveCfg = Release|Any CPU
		{06E23C6B-34B5-48B3-BF54-7FA470DA9B3A}.AppStore|iPhoneSimulator.ActiveCfg = Release|Any CPU
		{06E23C6B-34B5-48B3-BF54-7FA470DA9B3A}.AppStore|Mixed Platforms.ActiveCfg = Release|Any CPU
		{06E23C6B-34B5-48B3-BF54-7FA470DA9B3A}.AppStore|Mixed Platforms.Build.0 = Release|Any CPU
		{06E23C6B-34B5-48B3-BF54-7FA470DA9B3A}.AppStore|x86.ActiveCfg = Release|Any CPU
		{06E23C6B-34B5-48B3-BF54-7FA470DA9B3A}.Debug|Any CPU.ActiveCfg = Debug|Any CPU
		{06E23C6B-34B5-48B3-BF54-7FA470DA9B3A}.Debug|Any CPU.Build.0 = Debug|Any CPU
		{06E23C6B-34B5-48B3-BF54-7FA470DA9B3A}.Debug|ARM.ActiveCfg = Debug|Any CPU
		{06E23C6B-34B5-48B3-BF54-7FA470DA9B3A}.Debug|iPhone.ActiveCfg = Debug|Any CPU
		{06E23C6B-34B5-48B3-BF54-7FA470DA9B3A}.Debug|iPhoneSimulator.ActiveCfg = Debug|Any CPU
		{06E23C6B-34B5-48B3-BF54-7FA470DA9B3A}.Debug|Mixed Platforms.ActiveCfg = Debug|Any CPU
		{06E23C6B-34B5-48B3-BF54-7FA470DA9B3A}.Debug|Mixed Platforms.Build.0 = Debug|Any CPU
		{06E23C6B-34B5-48B3-BF54-7FA470DA9B3A}.Debug|x86.ActiveCfg = Debug|Any CPU
		{06E23C6B-34B5-48B3-BF54-7FA470DA9B3A}.Release|Any CPU.ActiveCfg = Release|Any CPU
		{06E23C6B-34B5-48B3-BF54-7FA470DA9B3A}.Release|Any CPU.Build.0 = Release|Any CPU
		{06E23C6B-34B5-48B3-BF54-7FA470DA9B3A}.Release|ARM.ActiveCfg = Release|Any CPU
		{06E23C6B-34B5-48B3-BF54-7FA470DA9B3A}.Release|iPhone.ActiveCfg = Release|Any CPU
		{06E23C6B-34B5-48B3-BF54-7FA470DA9B3A}.Release|iPhoneSimulator.ActiveCfg = Release|Any CPU
		{06E23C6B-34B5-48B3-BF54-7FA470DA9B3A}.Release|iPhoneSimulator.Build.0 = Release|Any CPU
		{06E23C6B-34B5-48B3-BF54-7FA470DA9B3A}.Release|Mixed Platforms.ActiveCfg = Release|Any CPU
		{06E23C6B-34B5-48B3-BF54-7FA470DA9B3A}.Release|Mixed Platforms.Build.0 = Release|Any CPU
		{06E23C6B-34B5-48B3-BF54-7FA470DA9B3A}.Release|x86.ActiveCfg = Release|Any CPU
		{08BA11ED-70A2-49F5-BA94-58966B3D5401}.Ad-Hoc|Any CPU.ActiveCfg = Release|Any CPU
		{08BA11ED-70A2-49F5-BA94-58966B3D5401}.Ad-Hoc|Any CPU.Build.0 = Release|Any CPU
		{08BA11ED-70A2-49F5-BA94-58966B3D5401}.Ad-Hoc|ARM.ActiveCfg = Release|Any CPU
		{08BA11ED-70A2-49F5-BA94-58966B3D5401}.Ad-Hoc|iPhone.ActiveCfg = Release|Any CPU
		{08BA11ED-70A2-49F5-BA94-58966B3D5401}.Ad-Hoc|iPhoneSimulator.ActiveCfg = Release|Any CPU
		{08BA11ED-70A2-49F5-BA94-58966B3D5401}.Ad-Hoc|Mixed Platforms.ActiveCfg = Release|Any CPU
		{08BA11ED-70A2-49F5-BA94-58966B3D5401}.Ad-Hoc|Mixed Platforms.Build.0 = Release|Any CPU
		{08BA11ED-70A2-49F5-BA94-58966B3D5401}.Ad-Hoc|x86.ActiveCfg = Release|Any CPU
		{08BA11ED-70A2-49F5-BA94-58966B3D5401}.AppStore|Any CPU.ActiveCfg = Release|Any CPU
		{08BA11ED-70A2-49F5-BA94-58966B3D5401}.AppStore|Any CPU.Build.0 = Release|Any CPU
		{08BA11ED-70A2-49F5-BA94-58966B3D5401}.AppStore|ARM.ActiveCfg = Release|Any CPU
		{08BA11ED-70A2-49F5-BA94-58966B3D5401}.AppStore|iPhone.ActiveCfg = Release|Any CPU
		{08BA11ED-70A2-49F5-BA94-58966B3D5401}.AppStore|iPhoneSimulator.ActiveCfg = Release|Any CPU
		{08BA11ED-70A2-49F5-BA94-58966B3D5401}.AppStore|Mixed Platforms.ActiveCfg = Release|Any CPU
		{08BA11ED-70A2-49F5-BA94-58966B3D5401}.AppStore|Mixed Platforms.Build.0 = Release|Any CPU
		{08BA11ED-70A2-49F5-BA94-58966B3D5401}.AppStore|x86.ActiveCfg = Release|Any CPU
		{08BA11ED-70A2-49F5-BA94-58966B3D5401}.Debug|Any CPU.ActiveCfg = Debug|Any CPU
		{08BA11ED-70A2-49F5-BA94-58966B3D5401}.Debug|Any CPU.Build.0 = Debug|Any CPU
		{08BA11ED-70A2-49F5-BA94-58966B3D5401}.Debug|ARM.ActiveCfg = Debug|Any CPU
		{08BA11ED-70A2-49F5-BA94-58966B3D5401}.Debug|iPhone.ActiveCfg = Debug|Any CPU
		{08BA11ED-70A2-49F5-BA94-58966B3D5401}.Debug|iPhoneSimulator.ActiveCfg = Debug|Any CPU
		{08BA11ED-70A2-49F5-BA94-58966B3D5401}.Debug|Mixed Platforms.ActiveCfg = Debug|Any CPU
		{08BA11ED-70A2-49F5-BA94-58966B3D5401}.Debug|Mixed Platforms.Build.0 = Debug|Any CPU
		{08BA11ED-70A2-49F5-BA94-58966B3D5401}.Debug|x86.ActiveCfg = Debug|Any CPU
		{08BA11ED-70A2-49F5-BA94-58966B3D5401}.Release|Any CPU.ActiveCfg = Release|Any CPU
		{08BA11ED-70A2-49F5-BA94-58966B3D5401}.Release|Any CPU.Build.0 = Release|Any CPU
		{08BA11ED-70A2-49F5-BA94-58966B3D5401}.Release|ARM.ActiveCfg = Release|Any CPU
		{08BA11ED-70A2-49F5-BA94-58966B3D5401}.Release|iPhone.ActiveCfg = Release|Any CPU
		{08BA11ED-70A2-49F5-BA94-58966B3D5401}.Release|iPhoneSimulator.ActiveCfg = Release|Any CPU
		{08BA11ED-70A2-49F5-BA94-58966B3D5401}.Release|iPhoneSimulator.Build.0 = Release|Any CPU
		{08BA11ED-70A2-49F5-BA94-58966B3D5401}.Release|Mixed Platforms.ActiveCfg = Release|Any CPU
		{08BA11ED-70A2-49F5-BA94-58966B3D5401}.Release|Mixed Platforms.Build.0 = Release|Any CPU
		{08BA11ED-70A2-49F5-BA94-58966B3D5401}.Release|x86.ActiveCfg = Release|Any CPU
		{C3839BBC-255F-47E9-A7A4-5F4B5F298956}.Ad-Hoc|Any CPU.ActiveCfg = Release|Any CPU
		{C3839BBC-255F-47E9-A7A4-5F4B5F298956}.Ad-Hoc|Any CPU.Build.0 = Release|Any CPU
		{C3839BBC-255F-47E9-A7A4-5F4B5F298956}.Ad-Hoc|Any CPU.Deploy.0 = Release|Any CPU
		{C3839BBC-255F-47E9-A7A4-5F4B5F298956}.Ad-Hoc|ARM.ActiveCfg = Release|ARM
		{C3839BBC-255F-47E9-A7A4-5F4B5F298956}.Ad-Hoc|ARM.Build.0 = Release|ARM
		{C3839BBC-255F-47E9-A7A4-5F4B5F298956}.Ad-Hoc|ARM.Deploy.0 = Release|ARM
		{C3839BBC-255F-47E9-A7A4-5F4B5F298956}.Ad-Hoc|iPhone.ActiveCfg = Release|Any CPU
		{C3839BBC-255F-47E9-A7A4-5F4B5F298956}.Ad-Hoc|iPhoneSimulator.ActiveCfg = Release|Any CPU
		{C3839BBC-255F-47E9-A7A4-5F4B5F298956}.Ad-Hoc|Mixed Platforms.ActiveCfg = Release|x86
		{C3839BBC-255F-47E9-A7A4-5F4B5F298956}.Ad-Hoc|Mixed Platforms.Build.0 = Release|x86
		{C3839BBC-255F-47E9-A7A4-5F4B5F298956}.Ad-Hoc|Mixed Platforms.Deploy.0 = Release|x86
		{C3839BBC-255F-47E9-A7A4-5F4B5F298956}.Ad-Hoc|x86.ActiveCfg = Release|x86
		{C3839BBC-255F-47E9-A7A4-5F4B5F298956}.Ad-Hoc|x86.Build.0 = Release|x86
		{C3839BBC-255F-47E9-A7A4-5F4B5F298956}.Ad-Hoc|x86.Deploy.0 = Release|x86
		{C3839BBC-255F-47E9-A7A4-5F4B5F298956}.AppStore|Any CPU.ActiveCfg = Release|Any CPU
		{C3839BBC-255F-47E9-A7A4-5F4B5F298956}.AppStore|Any CPU.Build.0 = Release|Any CPU
		{C3839BBC-255F-47E9-A7A4-5F4B5F298956}.AppStore|Any CPU.Deploy.0 = Release|Any CPU
		{C3839BBC-255F-47E9-A7A4-5F4B5F298956}.AppStore|ARM.ActiveCfg = Release|ARM
		{C3839BBC-255F-47E9-A7A4-5F4B5F298956}.AppStore|ARM.Build.0 = Release|ARM
		{C3839BBC-255F-47E9-A7A4-5F4B5F298956}.AppStore|ARM.Deploy.0 = Release|ARM
		{C3839BBC-255F-47E9-A7A4-5F4B5F298956}.AppStore|iPhone.ActiveCfg = Release|Any CPU
		{C3839BBC-255F-47E9-A7A4-5F4B5F298956}.AppStore|iPhoneSimulator.ActiveCfg = Release|Any CPU
		{C3839BBC-255F-47E9-A7A4-5F4B5F298956}.AppStore|Mixed Platforms.ActiveCfg = Release|x86
		{C3839BBC-255F-47E9-A7A4-5F4B5F298956}.AppStore|Mixed Platforms.Build.0 = Release|x86
		{C3839BBC-255F-47E9-A7A4-5F4B5F298956}.AppStore|Mixed Platforms.Deploy.0 = Release|x86
		{C3839BBC-255F-47E9-A7A4-5F4B5F298956}.AppStore|x86.ActiveCfg = Release|x86
		{C3839BBC-255F-47E9-A7A4-5F4B5F298956}.AppStore|x86.Build.0 = Release|x86
		{C3839BBC-255F-47E9-A7A4-5F4B5F298956}.AppStore|x86.Deploy.0 = Release|x86
		{C3839BBC-255F-47E9-A7A4-5F4B5F298956}.Debug|Any CPU.ActiveCfg = Debug|Any CPU
		{C3839BBC-255F-47E9-A7A4-5F4B5F298956}.Debug|Any CPU.Build.0 = Debug|Any CPU
		{C3839BBC-255F-47E9-A7A4-5F4B5F298956}.Debug|Any CPU.Deploy.0 = Debug|Any CPU
		{C3839BBC-255F-47E9-A7A4-5F4B5F298956}.Debug|ARM.ActiveCfg = Debug|ARM
		{C3839BBC-255F-47E9-A7A4-5F4B5F298956}.Debug|ARM.Build.0 = Debug|ARM
		{C3839BBC-255F-47E9-A7A4-5F4B5F298956}.Debug|ARM.Deploy.0 = Debug|ARM
		{C3839BBC-255F-47E9-A7A4-5F4B5F298956}.Debug|iPhone.ActiveCfg = Debug|Any CPU
		{C3839BBC-255F-47E9-A7A4-5F4B5F298956}.Debug|iPhoneSimulator.ActiveCfg = Debug|Any CPU
		{C3839BBC-255F-47E9-A7A4-5F4B5F298956}.Debug|Mixed Platforms.ActiveCfg = Debug|x86
		{C3839BBC-255F-47E9-A7A4-5F4B5F298956}.Debug|Mixed Platforms.Build.0 = Debug|x86
		{C3839BBC-255F-47E9-A7A4-5F4B5F298956}.Debug|Mixed Platforms.Deploy.0 = Debug|x86
		{C3839BBC-255F-47E9-A7A4-5F4B5F298956}.Debug|x86.ActiveCfg = Debug|x86
		{C3839BBC-255F-47E9-A7A4-5F4B5F298956}.Debug|x86.Build.0 = Debug|x86
		{C3839BBC-255F-47E9-A7A4-5F4B5F298956}.Debug|x86.Deploy.0 = Debug|x86
		{C3839BBC-255F-47E9-A7A4-5F4B5F298956}.Release|Any CPU.ActiveCfg = Release|Any CPU
		{C3839BBC-255F-47E9-A7A4-5F4B5F298956}.Release|Any CPU.Build.0 = Release|Any CPU
		{C3839BBC-255F-47E9-A7A4-5F4B5F298956}.Release|Any CPU.Deploy.0 = Release|Any CPU
		{C3839BBC-255F-47E9-A7A4-5F4B5F298956}.Release|ARM.ActiveCfg = Release|ARM
		{C3839BBC-255F-47E9-A7A4-5F4B5F298956}.Release|ARM.Build.0 = Release|ARM
		{C3839BBC-255F-47E9-A7A4-5F4B5F298956}.Release|ARM.Deploy.0 = Release|ARM
		{C3839BBC-255F-47E9-A7A4-5F4B5F298956}.Release|iPhone.ActiveCfg = Release|Any CPU
		{C3839BBC-255F-47E9-A7A4-5F4B5F298956}.Release|iPhoneSimulator.ActiveCfg = Release|Any CPU
		{C3839BBC-255F-47E9-A7A4-5F4B5F298956}.Release|iPhoneSimulator.Build.0 = Release|Any CPU
		{C3839BBC-255F-47E9-A7A4-5F4B5F298956}.Release|iPhoneSimulator.Deploy.0 = Release|Any CPU
		{C3839BBC-255F-47E9-A7A4-5F4B5F298956}.Release|Mixed Platforms.ActiveCfg = Release|x86
		{C3839BBC-255F-47E9-A7A4-5F4B5F298956}.Release|Mixed Platforms.Build.0 = Release|x86
		{C3839BBC-255F-47E9-A7A4-5F4B5F298956}.Release|Mixed Platforms.Deploy.0 = Release|x86
		{C3839BBC-255F-47E9-A7A4-5F4B5F298956}.Release|x86.ActiveCfg = Release|x86
		{C3839BBC-255F-47E9-A7A4-5F4B5F298956}.Release|x86.Build.0 = Release|x86
		{C3839BBC-255F-47E9-A7A4-5F4B5F298956}.Release|x86.Deploy.0 = Release|x86
		{896330E7-6233-4D41-801D-C24A29ED6F11}.Ad-Hoc|Any CPU.ActiveCfg = Release|Any CPU
		{896330E7-6233-4D41-801D-C24A29ED6F11}.Ad-Hoc|Any CPU.Build.0 = Release|Any CPU
		{896330E7-6233-4D41-801D-C24A29ED6F11}.Ad-Hoc|Any CPU.Deploy.0 = Release|Any CPU
		{896330E7-6233-4D41-801D-C24A29ED6F11}.Ad-Hoc|ARM.ActiveCfg = Release|Any CPU
		{896330E7-6233-4D41-801D-C24A29ED6F11}.Ad-Hoc|iPhone.ActiveCfg = Release|Any CPU
		{896330E7-6233-4D41-801D-C24A29ED6F11}.Ad-Hoc|iPhoneSimulator.ActiveCfg = Release|Any CPU
		{896330E7-6233-4D41-801D-C24A29ED6F11}.Ad-Hoc|Mixed Platforms.ActiveCfg = Release|Any CPU
		{896330E7-6233-4D41-801D-C24A29ED6F11}.Ad-Hoc|Mixed Platforms.Build.0 = Release|Any CPU
		{896330E7-6233-4D41-801D-C24A29ED6F11}.Ad-Hoc|Mixed Platforms.Deploy.0 = Release|Any CPU
		{896330E7-6233-4D41-801D-C24A29ED6F11}.Ad-Hoc|x86.ActiveCfg = Release|Any CPU
		{896330E7-6233-4D41-801D-C24A29ED6F11}.AppStore|Any CPU.ActiveCfg = Release|Any CPU
		{896330E7-6233-4D41-801D-C24A29ED6F11}.AppStore|Any CPU.Build.0 = Release|Any CPU
		{896330E7-6233-4D41-801D-C24A29ED6F11}.AppStore|Any CPU.Deploy.0 = Release|Any CPU
		{896330E7-6233-4D41-801D-C24A29ED6F11}.AppStore|ARM.ActiveCfg = Release|Any CPU
		{896330E7-6233-4D41-801D-C24A29ED6F11}.AppStore|iPhone.ActiveCfg = Release|Any CPU
		{896330E7-6233-4D41-801D-C24A29ED6F11}.AppStore|iPhoneSimulator.ActiveCfg = Release|Any CPU
		{896330E7-6233-4D41-801D-C24A29ED6F11}.AppStore|Mixed Platforms.ActiveCfg = Release|Any CPU
		{896330E7-6233-4D41-801D-C24A29ED6F11}.AppStore|Mixed Platforms.Build.0 = Release|Any CPU
		{896330E7-6233-4D41-801D-C24A29ED6F11}.AppStore|Mixed Platforms.Deploy.0 = Release|Any CPU
		{896330E7-6233-4D41-801D-C24A29ED6F11}.AppStore|x86.ActiveCfg = Release|Any CPU
		{896330E7-6233-4D41-801D-C24A29ED6F11}.Debug|Any CPU.ActiveCfg = Debug|Any CPU
		{896330E7-6233-4D41-801D-C24A29ED6F11}.Debug|Any CPU.Build.0 = Debug|Any CPU
		{896330E7-6233-4D41-801D-C24A29ED6F11}.Debug|Any CPU.Deploy.0 = Debug|Any CPU
		{896330E7-6233-4D41-801D-C24A29ED6F11}.Debug|ARM.ActiveCfg = Debug|Any CPU
		{896330E7-6233-4D41-801D-C24A29ED6F11}.Debug|iPhone.ActiveCfg = Debug|Any CPU
		{896330E7-6233-4D41-801D-C24A29ED6F11}.Debug|iPhoneSimulator.ActiveCfg = Debug|Any CPU
		{896330E7-6233-4D41-801D-C24A29ED6F11}.Debug|Mixed Platforms.ActiveCfg = Debug|Any CPU
		{896330E7-6233-4D41-801D-C24A29ED6F11}.Debug|Mixed Platforms.Build.0 = Debug|Any CPU
		{896330E7-6233-4D41-801D-C24A29ED6F11}.Debug|Mixed Platforms.Deploy.0 = Debug|Any CPU
		{896330E7-6233-4D41-801D-C24A29ED6F11}.Debug|x86.ActiveCfg = Debug|Any CPU
		{896330E7-6233-4D41-801D-C24A29ED6F11}.Release|Any CPU.ActiveCfg = Release|Any CPU
		{896330E7-6233-4D41-801D-C24A29ED6F11}.Release|Any CPU.Build.0 = Release|Any CPU
		{896330E7-6233-4D41-801D-C24A29ED6F11}.Release|Any CPU.Deploy.0 = Release|Any CPU
		{896330E7-6233-4D41-801D-C24A29ED6F11}.Release|ARM.ActiveCfg = Release|Any CPU
		{896330E7-6233-4D41-801D-C24A29ED6F11}.Release|iPhone.ActiveCfg = Release|Any CPU
		{896330E7-6233-4D41-801D-C24A29ED6F11}.Release|iPhoneSimulator.ActiveCfg = Release|Any CPU
		{896330E7-6233-4D41-801D-C24A29ED6F11}.Release|iPhoneSimulator.Build.0 = Release|Any CPU
		{896330E7-6233-4D41-801D-C24A29ED6F11}.Release|iPhoneSimulator.Deploy.0 = Release|Any CPU
		{896330E7-6233-4D41-801D-C24A29ED6F11}.Release|Mixed Platforms.ActiveCfg = Release|Any CPU
		{896330E7-6233-4D41-801D-C24A29ED6F11}.Release|Mixed Platforms.Build.0 = Release|Any CPU
		{896330E7-6233-4D41-801D-C24A29ED6F11}.Release|Mixed Platforms.Deploy.0 = Release|Any CPU
		{896330E7-6233-4D41-801D-C24A29ED6F11}.Release|x86.ActiveCfg = Release|Any CPU
		{31885A1D-1804-4C39-94D3-1AC970EC62E8}.Ad-Hoc|Any CPU.ActiveCfg = Ad-Hoc|iPhone
		{31885A1D-1804-4C39-94D3-1AC970EC62E8}.Ad-Hoc|ARM.ActiveCfg = Ad-Hoc|iPhone
		{31885A1D-1804-4C39-94D3-1AC970EC62E8}.Ad-Hoc|iPhone.ActiveCfg = Ad-Hoc|iPhone
		{31885A1D-1804-4C39-94D3-1AC970EC62E8}.Ad-Hoc|iPhone.Build.0 = Ad-Hoc|iPhone
		{31885A1D-1804-4C39-94D3-1AC970EC62E8}.Ad-Hoc|iPhoneSimulator.ActiveCfg = Ad-Hoc|iPhoneSimulator
		{31885A1D-1804-4C39-94D3-1AC970EC62E8}.Ad-Hoc|iPhoneSimulator.Build.0 = Ad-Hoc|iPhoneSimulator
		{31885A1D-1804-4C39-94D3-1AC970EC62E8}.Ad-Hoc|Mixed Platforms.ActiveCfg = Ad-Hoc|iPhone
		{31885A1D-1804-4C39-94D3-1AC970EC62E8}.Ad-Hoc|Mixed Platforms.Build.0 = Ad-Hoc|iPhone
		{31885A1D-1804-4C39-94D3-1AC970EC62E8}.Ad-Hoc|x86.ActiveCfg = Ad-Hoc|iPhone
		{31885A1D-1804-4C39-94D3-1AC970EC62E8}.AppStore|Any CPU.ActiveCfg = AppStore|iPhone
		{31885A1D-1804-4C39-94D3-1AC970EC62E8}.AppStore|ARM.ActiveCfg = AppStore|iPhone
		{31885A1D-1804-4C39-94D3-1AC970EC62E8}.AppStore|iPhone.ActiveCfg = AppStore|iPhone
		{31885A1D-1804-4C39-94D3-1AC970EC62E8}.AppStore|iPhone.Build.0 = AppStore|iPhone
		{31885A1D-1804-4C39-94D3-1AC970EC62E8}.AppStore|iPhoneSimulator.ActiveCfg = AppStore|iPhoneSimulator
		{31885A1D-1804-4C39-94D3-1AC970EC62E8}.AppStore|iPhoneSimulator.Build.0 = AppStore|iPhoneSimulator
		{31885A1D-1804-4C39-94D3-1AC970EC62E8}.AppStore|Mixed Platforms.ActiveCfg = AppStore|iPhone
		{31885A1D-1804-4C39-94D3-1AC970EC62E8}.AppStore|Mixed Platforms.Build.0 = AppStore|iPhone
		{31885A1D-1804-4C39-94D3-1AC970EC62E8}.AppStore|x86.ActiveCfg = AppStore|iPhone
		{31885A1D-1804-4C39-94D3-1AC970EC62E8}.Debug|Any CPU.ActiveCfg = Debug|iPhone
		{31885A1D-1804-4C39-94D3-1AC970EC62E8}.Debug|ARM.ActiveCfg = Debug|iPhone
		{31885A1D-1804-4C39-94D3-1AC970EC62E8}.Debug|iPhone.ActiveCfg = Debug|iPhone
		{31885A1D-1804-4C39-94D3-1AC970EC62E8}.Debug|iPhone.Build.0 = Debug|iPhone
		{31885A1D-1804-4C39-94D3-1AC970EC62E8}.Debug|iPhoneSimulator.ActiveCfg = Debug|iPhoneSimulator
		{31885A1D-1804-4C39-94D3-1AC970EC62E8}.Debug|iPhoneSimulator.Build.0 = Debug|iPhoneSimulator
		{31885A1D-1804-4C39-94D3-1AC970EC62E8}.Debug|Mixed Platforms.ActiveCfg = Debug|iPhone
		{31885A1D-1804-4C39-94D3-1AC970EC62E8}.Debug|Mixed Platforms.Build.0 = Debug|iPhone
		{31885A1D-1804-4C39-94D3-1AC970EC62E8}.Debug|x86.ActiveCfg = Debug|iPhone
		{31885A1D-1804-4C39-94D3-1AC970EC62E8}.Release|Any CPU.ActiveCfg = Release|iPhone
		{31885A1D-1804-4C39-94D3-1AC970EC62E8}.Release|ARM.ActiveCfg = Release|iPhone
		{31885A1D-1804-4C39-94D3-1AC970EC62E8}.Release|iPhone.ActiveCfg = Release|iPhone
		{31885A1D-1804-4C39-94D3-1AC970EC62E8}.Release|iPhone.Build.0 = Release|iPhone
		{31885A1D-1804-4C39-94D3-1AC970EC62E8}.Release|iPhoneSimulator.ActiveCfg = Release|iPhoneSimulator
		{31885A1D-1804-4C39-94D3-1AC970EC62E8}.Release|iPhoneSimulator.Build.0 = Release|iPhoneSimulator
		{31885A1D-1804-4C39-94D3-1AC970EC62E8}.Release|Mixed Platforms.ActiveCfg = Release|iPhone
		{31885A1D-1804-4C39-94D3-1AC970EC62E8}.Release|Mixed Platforms.Build.0 = Release|iPhone
		{31885A1D-1804-4C39-94D3-1AC970EC62E8}.Release|x86.ActiveCfg = Release|iPhone
	EndGlobalSection
	GlobalSection(SolutionProperties) = preSolution
		HideSolutionNode = FALSE
	EndGlobalSection
	GlobalSection(NestedProjects) = preSolution
		{08BA11ED-70A2-49F5-BA94-58966B3D5401} = {C0577C10-B807-48CC-ABE8-FD8EB36A44FE}
		{C3839BBC-255F-47E9-A7A4-5F4B5F298956} = {C0577C10-B807-48CC-ABE8-FD8EB36A44FE}
		{896330E7-6233-4D41-801D-C24A29ED6F11} = {C0577C10-B807-48CC-ABE8-FD8EB36A44FE}
		{3185DF1B-169D-4282-9439-5060160B42D7} = {8BA26B31-B8C6-4D22-A790-CA97AC266D42}
		{0170B6DA-3FF5-4676-B040-52CDBB0F8DE5} = {3185DF1B-169D-4282-9439-5060160B42D7}
		{DA9473CF-11DE-46F9-892B-78545CE46F62} = {3185DF1B-169D-4282-9439-5060160B42D7}
		{52B068A0-1918-4F7F-AE21-99F11FC3A85B} = {8BA26B31-B8C6-4D22-A790-CA97AC266D42}
		{CC8CCAA1-B79A-46A9-8822-AF104520FDF3} = {8BA26B31-B8C6-4D22-A790-CA97AC266D42}
		{ED1A2C71-EE78-4C0C-B7C7-49E3EB7DEE9A} = {8BA26B31-B8C6-4D22-A790-CA97AC266D42}
		{27EAD203-6F80-402A-B68E-8BA268E98774} = {52B068A0-1918-4F7F-AE21-99F11FC3A85B}
		{F3AA92EA-10A4-475C-A2D0-0DDC37F0A43A} = {52B068A0-1918-4F7F-AE21-99F11FC3A85B}
		{A6C9829E-C99B-4959-B06C-FB152EA0F510} = {CC8CCAA1-B79A-46A9-8822-AF104520FDF3}
		{0662022D-84E0-4A82-BFEA-D36BBFA3F99E} = {CC8CCAA1-B79A-46A9-8822-AF104520FDF3}
		{68F19503-08BE-4933-AE48-AB7DD18BD2EA} = {ED1A2C71-EE78-4C0C-B7C7-49E3EB7DEE9A}
		{498A8C08-36E6-40B0-801B-624DFE59BA30} = {ED1A2C71-EE78-4C0C-B7C7-49E3EB7DEE9A}
		{AC5AD05D-CD78-46C9-96D3-CA99D63B4A17} = {52B068A0-1918-4F7F-AE21-99F11FC3A85B}
		{FA416C2F-D648-42AC-A68D-217FB808B51F} = {CC8CCAA1-B79A-46A9-8822-AF104520FDF3}
		{31885A1D-1804-4C39-94D3-1AC970EC62E8} = {C0577C10-B807-48CC-ABE8-FD8EB36A44FE}
		{58BA42D4-E560-4D60-8463-5F52E3023E8D} = {ED1A2C71-EE78-4C0C-B7C7-49E3EB7DEE9A}
	EndGlobalSection
EndGlobal
