
Microsoft Visual Studio Solution File, Format Version 12.00
# Visual Studio 2013
VisualStudioVersion = 12.0.31101.0
MinimumVisualStudioVersion = 10.0.40219.1
Project("{FAE04EC0-301F-11D3-BF4B-00C04F79EFBC}") = "MvxAms", "MvxAms\MvxAms.csproj", "{9DF262D9-A976-4E55-96E7-B7779C9DA7A0}"
EndProject
Project("{2150E333-8FDC-42A3-9474-1A3956D46DE8}") = "Samples", "Samples", "{136B4FC1-197B-480D-9337-16688BB9ADD8}"
EndProject
Project("{FAE04EC0-301F-11D3-BF4B-00C04F79EFBC}") = "MvxAms.WindowsPhone", "MvxAms.WindowsPhone\MvxAms.WindowsPhone.csproj", "{AADFAD32-5CB8-43E7-B2D4-6666ABCDCD04}"
EndProject
Project("{FAE04EC0-301F-11D3-BF4B-00C04F79EFBC}") = "MvxAms.Droid", "MvxAms.Droid\MvxAms.Droid.csproj", "{F6DAE289-4D42-4985-BE3F-9ABEE21B2313}"
EndProject
Project("{FAE04EC0-301F-11D3-BF4B-00C04F79EFBC}") = "MvxAms.Touch", "MvxAms.Touch\MvxAms.Touch.csproj", "{25C3360C-718E-4E33-BF1F-7FF3AE931729}"
EndProject
Project("{FAE04EC0-301F-11D3-BF4B-00C04F79EFBC}") = "MvxAms.Sample", "Samples\MvxAms.Sample\MvxAms.Sample.csproj", "{6BB70F09-3597-41DB-8D7A-5ED7F417E9E7}"
EndProject
Project("{FAE04EC0-301F-11D3-BF4B-00C04F79EFBC}") = "MvxAms.Sample.WinPhone", "Samples\MvxAms.Sample.WinPhone\MvxAms.Sample.WinPhone.csproj", "{B454CA01-3FE2-40BE-9544-323B3E5FEC22}"
EndProject
Project("{FAE04EC0-301F-11D3-BF4B-00C04F79EFBC}") = "MvxAms.Sample.iOS", "Samples\MvxAms.Sample.iOS\MvxAms.Sample.iOS.csproj", "{0072EC81-4D1E-42AF-B2DE-1B3011A2A5F0}"
EndProject
Project("{2150E333-8FDC-42A3-9474-1A3956D46DE8}") = "MvxAms.Sample.WindowsCommon", "MvxAms.Sample.WindowsCommon", "{C65C4C59-B847-4963-B3C2-50DF5D337B11}"
EndProject
Project("{D954291E-2A0B-460D-934E-DC6B0785DB48}") = "MvxAms.Sample.WindowsCommon.Shared", "Samples\MvxAms.Sample.WindowsCommon\MvxAms.Sample.WindowsCommon.Shared\MvxAms.Sample.WindowsCommon.Shared.shproj", "{F6A51059-B098-49F4-B4DF-5F9FB7383DDB}"
EndProject
Project("{FAE04EC0-301F-11D3-BF4B-00C04F79EFBC}") = "MvxAms.Sample.WindowsCommon.Windows", "Samples\MvxAms.Sample.WindowsCommon\MvxAms.Sample.WindowsCommon.Windows\MvxAms.Sample.WindowsCommon.Windows.csproj", "{1127CD34-1F55-43F4-BAFD-EC372193F2A8}"
EndProject
Project("{FAE04EC0-301F-11D3-BF4B-00C04F79EFBC}") = "MvxAms.Sample.WindowsCommon.WindowsPhone", "Samples\MvxAms.Sample.WindowsCommon\MvxAms.Sample.WindowsCommon.WindowsPhone\MvxAms.Sample.WindowsCommon.WindowsPhone.csproj", "{531D4686-3966-40D9-B8B6-549303CA7135}"
EndProject
Project("{FAE04EC0-301F-11D3-BF4B-00C04F79EFBC}") = "MvxAms.WindowsPhoneStore", "MvxAms.WindowsPhoneStore\MvxAms.WindowsPhoneStore.csproj", "{FFC7D48C-20EF-4D1D-9180-BCF2E83D4222}"
EndProject
Project("{FAE04EC0-301F-11D3-BF4B-00C04F79EFBC}") = "MvxAms.WindowsStore", "MvxAms.WindowsStore\MvxAms.WindowsStore.csproj", "{24E4A94C-7CD2-4002-959A-3F64D1F26555}"
EndProject
Project("{FAE04EC0-301F-11D3-BF4B-00C04F79EFBC}") = "MvxAms.Sample.Droid", "Samples\MvxAms.Sample.Droid\MvxAms.Sample.Droid.csproj", "{028C4DBD-AEBD-4A55-B60B-9B6AC3A01DAB}"
EndProject
Project("{2150E333-8FDC-42A3-9474-1A3956D46DE8}") = "NuSpec", "NuSpec", "{F9C8FE75-071C-4EB4-AE46-D163624E5971}"
	ProjectSection(SolutionItems) = preProject
		NuSpec\MobiliTips.MvxPlugins.MvxAms.nuspec = NuSpec\MobiliTips.MvxPlugins.MvxAms.nuspec
	EndProjectSection
EndProject
Project("{2150E333-8FDC-42A3-9474-1A3956D46DE8}") = "DroidContent", "DroidContent", "{F4EC9281-B705-415A-AB1F-A2C33794B677}"
EndProject
Project("{2150E333-8FDC-42A3-9474-1A3956D46DE8}") = "Bootstrap", "Bootstrap", "{F8CEB270-F655-4357-BC12-6F059F6A9BEC}"
	ProjectSection(SolutionItems) = preProject
		NuSpec\DroidContent\Bootstrap\MvxAmsPluginBootstrap.cs.pp = NuSpec\DroidContent\Bootstrap\MvxAmsPluginBootstrap.cs.pp
	EndProjectSection
EndProject
Project("{2150E333-8FDC-42A3-9474-1A3956D46DE8}") = "ToDo-MvxAms", "ToDo-MvxAms", "{062F0DF8-BD61-4EF8-9937-3526D8851DDE}"
	ProjectSection(SolutionItems) = preProject
		NuSpec\DroidContent\ToDo-MvxAms\_ Droid Setup.txt = NuSpec\DroidContent\ToDo-MvxAms\_ Droid Setup.txt
	EndProjectSection
EndProject
Project("{2150E333-8FDC-42A3-9474-1A3956D46DE8}") = "TouchContent", "TouchContent", "{ACD906FE-0A37-4E40-8E2C-4C7349206458}"
EndProject
Project("{2150E333-8FDC-42A3-9474-1A3956D46DE8}") = "Bootstrap", "Bootstrap", "{94F08314-4365-4729-B8B8-B5B726E92A92}"
	ProjectSection(SolutionItems) = preProject
		NuSpec\TouchContent\Bootstrap\MvxAmsPluginBootstrap.cs.pp = NuSpec\TouchContent\Bootstrap\MvxAmsPluginBootstrap.cs.pp
	EndProjectSection
EndProject
Project("{2150E333-8FDC-42A3-9474-1A3956D46DE8}") = "ToDo-MvxAms", "ToDo-MvxAms", "{33042CB1-34CA-4435-AD60-EEAB47275DD7}"
	ProjectSection(SolutionItems) = preProject
		NuSpec\TouchContent\ToDo-MvxAms\_ Touch Setup.txt = NuSpec\TouchContent\ToDo-MvxAms\_ Touch Setup.txt
	EndProjectSection
EndProject
Project("{2150E333-8FDC-42A3-9474-1A3956D46DE8}") = "WinPhoneContent", "WinPhoneContent", "{410CE135-19FA-4311-A4E9-14C5176E6A46}"
EndProject
Project("{2150E333-8FDC-42A3-9474-1A3956D46DE8}") = "Bootstrap", "Bootstrap", "{72C52696-62A1-4C34-9D10-C8E80A9078BA}"
	ProjectSection(SolutionItems) = preProject
		NuSpec\WinPhoneContent\Bootstrap\MvxAmsPluginBootstrap.cs.pp = NuSpec\WinPhoneContent\Bootstrap\MvxAmsPluginBootstrap.cs.pp
	EndProjectSection
EndProject
Project("{2150E333-8FDC-42A3-9474-1A3956D46DE8}") = "ToDo-MvxAms", "ToDo-MvxAms", "{92AEC6F4-9C34-424B-931C-37464CFCD8CD}"
	ProjectSection(SolutionItems) = preProject
		NuSpec\WinPhoneContent\ToDo-MvxAms\_ WinPhone Setup.txt = NuSpec\WinPhoneContent\ToDo-MvxAms\_ WinPhone Setup.txt
	EndProjectSection
EndProject
Project("{2150E333-8FDC-42A3-9474-1A3956D46DE8}") = "WindowsCommonContent", "WindowsCommonContent", "{61DA53E8-32FC-4DF5-A369-32BF9AC94728}"
EndProject
Project("{2150E333-8FDC-42A3-9474-1A3956D46DE8}") = "WinStoreContent", "WinStoreContent", "{47139E4E-5769-49B3-8523-154A784266E7}"
EndProject
Project("{2150E333-8FDC-42A3-9474-1A3956D46DE8}") = "WinPhoneContent", "WinPhoneContent", "{78F5BDBA-B79E-4651-8BA9-BA8CCFC7DF22}"
EndProject
Project("{2150E333-8FDC-42A3-9474-1A3956D46DE8}") = "Bootstrap", "Bootstrap", "{D9906E16-82D0-4CCB-9364-16512EA2C8B0}"
	ProjectSection(SolutionItems) = preProject
		NuSpec\WindowsCommonContent\WinPhoneContent\Bootstrap\MvxAmsPluginBootstrap.cs.pp = NuSpec\WindowsCommonContent\WinPhoneContent\Bootstrap\MvxAmsPluginBootstrap.cs.pp
	EndProjectSection
EndProject
Project("{2150E333-8FDC-42A3-9474-1A3956D46DE8}") = "ToDo-MvxAms", "ToDo-MvxAms", "{4F6D7E7E-8F67-4104-AF7B-265262B57723}"
	ProjectSection(SolutionItems) = preProject
		NuSpec\WindowsCommonContent\WinPhoneContent\ToDo-MvxAms\_ WinPhone Setup.txt = NuSpec\WindowsCommonContent\WinPhoneContent\ToDo-MvxAms\_ WinPhone Setup.txt
	EndProjectSection
EndProject
Project("{2150E333-8FDC-42A3-9474-1A3956D46DE8}") = "Bootstrap", "Bootstrap", "{D1D5ED1F-0736-4DE0-8613-83790C1BE8BE}"
	ProjectSection(SolutionItems) = preProject
		NuSpec\WindowsCommonContent\WinStoreContent\Bootstrap\MvxAmsPluginBootstrap.cs.pp = NuSpec\WindowsCommonContent\WinStoreContent\Bootstrap\MvxAmsPluginBootstrap.cs.pp
	EndProjectSection
EndProject
Project("{2150E333-8FDC-42A3-9474-1A3956D46DE8}") = "ToDo-MvxAms", "ToDo-MvxAms", "{25F52A53-4BF2-4C2B-8134-F7ECCC77FBBF}"
	ProjectSection(SolutionItems) = preProject
		NuSpec\WindowsCommonContent\WinStoreContent\ToDo-MvxAms\_ WinStore Setup.txt = NuSpec\WindowsCommonContent\WinStoreContent\ToDo-MvxAms\_ WinStore Setup.txt
	EndProjectSection
EndProject
Project("{2150E333-8FDC-42A3-9474-1A3956D46DE8}") = "CoreContent", "CoreContent", "{596ACB28-902B-42B0-B3C4-BA70F1F4CC52}"
	ProjectSection(SolutionItems) = preProject
		NuSpec\CoreContent\MvxAmsPluginConfiguration.cs.pp = NuSpec\CoreContent\MvxAmsPluginConfiguration.cs.pp
	EndProjectSection
EndProject
Project("{2150E333-8FDC-42A3-9474-1A3956D46DE8}") = "ToDo-MvxAms", "ToDo-MvxAms", "{80ED9FC1-8ED1-4E39-A3CF-8E276D950C3B}"
	ProjectSection(SolutionItems) = preProject
		NuSpec\CoreContent\ToDo-MvxAms\_ Core Setup.txt = NuSpec\CoreContent\ToDo-MvxAms\_ Core Setup.txt
	EndProjectSection
EndProject
Project("{FAE04EC0-301F-11D3-BF4B-00C04F79EFBC}") = "MvxAms.LocalStore", "MvxAms.LocalStore\MvxAms.LocalStore.csproj", "{3D49D528-DDFC-4A90-83F6-635B5D9DBFB0}"
EndProject
Global
	GlobalSection(SharedMSBuildProjectFiles) = preSolution
		Samples\MvxAms.Sample.WindowsCommon\MvxAms.Sample.WindowsCommon.Shared\MvxAms.Sample.WindowsCommon.Shared.projitems*{1127cd34-1f55-43f4-bafd-ec372193f2a8}*SharedItemsImports = 4
		Samples\MvxAms.Sample.WindowsCommon\MvxAms.Sample.WindowsCommon.Shared\MvxAms.Sample.WindowsCommon.Shared.projitems*{f6a51059-b098-49f4-b4df-5f9fb7383ddb}*SharedItemsImports = 13
		Samples\MvxAms.Sample.WindowsCommon\MvxAms.Sample.WindowsCommon.Shared\MvxAms.Sample.WindowsCommon.Shared.projitems*{531d4686-3966-40d9-b8b6-549303ca7135}*SharedItemsImports = 4
	EndGlobalSection
	GlobalSection(SolutionConfigurationPlatforms) = preSolution
		Ad-Hoc|Any CPU = Ad-Hoc|Any CPU
		Ad-Hoc|ARM = Ad-Hoc|ARM
		Ad-Hoc|iPhone = Ad-Hoc|iPhone
		Ad-Hoc|iPhoneSimulator = Ad-Hoc|iPhoneSimulator
		Ad-Hoc|Mixed Platforms = Ad-Hoc|Mixed Platforms
		Ad-Hoc|x64 = Ad-Hoc|x64
		Ad-Hoc|x86 = Ad-Hoc|x86
		AppStore|Any CPU = AppStore|Any CPU
		AppStore|ARM = AppStore|ARM
		AppStore|iPhone = AppStore|iPhone
		AppStore|iPhoneSimulator = AppStore|iPhoneSimulator
		AppStore|Mixed Platforms = AppStore|Mixed Platforms
		AppStore|x64 = AppStore|x64
		AppStore|x86 = AppStore|x86
		Debug|Any CPU = Debug|Any CPU
		Debug|ARM = Debug|ARM
		Debug|iPhone = Debug|iPhone
		Debug|iPhoneSimulator = Debug|iPhoneSimulator
		Debug|Mixed Platforms = Debug|Mixed Platforms
		Debug|x64 = Debug|x64
		Debug|x86 = Debug|x86
		Release|Any CPU = Release|Any CPU
		Release|ARM = Release|ARM
		Release|iPhone = Release|iPhone
		Release|iPhoneSimulator = Release|iPhoneSimulator
		Release|Mixed Platforms = Release|Mixed Platforms
		Release|x64 = Release|x64
		Release|x86 = Release|x86
	EndGlobalSection
	GlobalSection(ProjectConfigurationPlatforms) = postSolution
		{9DF262D9-A976-4E55-96E7-B7779C9DA7A0}.Ad-Hoc|Any CPU.ActiveCfg = Release|Any CPU
		{9DF262D9-A976-4E55-96E7-B7779C9DA7A0}.Ad-Hoc|Any CPU.Build.0 = Release|Any CPU
		{9DF262D9-A976-4E55-96E7-B7779C9DA7A0}.Ad-Hoc|ARM.ActiveCfg = Release|Any CPU
		{9DF262D9-A976-4E55-96E7-B7779C9DA7A0}.Ad-Hoc|iPhone.ActiveCfg = Release|Any CPU
		{9DF262D9-A976-4E55-96E7-B7779C9DA7A0}.Ad-Hoc|iPhoneSimulator.ActiveCfg = Release|Any CPU
		{9DF262D9-A976-4E55-96E7-B7779C9DA7A0}.Ad-Hoc|Mixed Platforms.ActiveCfg = Release|Any CPU
		{9DF262D9-A976-4E55-96E7-B7779C9DA7A0}.Ad-Hoc|Mixed Platforms.Build.0 = Release|Any CPU
		{9DF262D9-A976-4E55-96E7-B7779C9DA7A0}.Ad-Hoc|x64.ActiveCfg = Release|Any CPU
		{9DF262D9-A976-4E55-96E7-B7779C9DA7A0}.Ad-Hoc|x86.ActiveCfg = Release|Any CPU
		{9DF262D9-A976-4E55-96E7-B7779C9DA7A0}.AppStore|Any CPU.ActiveCfg = Release|Any CPU
		{9DF262D9-A976-4E55-96E7-B7779C9DA7A0}.AppStore|Any CPU.Build.0 = Release|Any CPU
		{9DF262D9-A976-4E55-96E7-B7779C9DA7A0}.AppStore|ARM.ActiveCfg = Release|Any CPU
		{9DF262D9-A976-4E55-96E7-B7779C9DA7A0}.AppStore|iPhone.ActiveCfg = Release|Any CPU
		{9DF262D9-A976-4E55-96E7-B7779C9DA7A0}.AppStore|iPhoneSimulator.ActiveCfg = Release|Any CPU
		{9DF262D9-A976-4E55-96E7-B7779C9DA7A0}.AppStore|Mixed Platforms.ActiveCfg = Release|Any CPU
		{9DF262D9-A976-4E55-96E7-B7779C9DA7A0}.AppStore|Mixed Platforms.Build.0 = Release|Any CPU
		{9DF262D9-A976-4E55-96E7-B7779C9DA7A0}.AppStore|x64.ActiveCfg = Release|Any CPU
		{9DF262D9-A976-4E55-96E7-B7779C9DA7A0}.AppStore|x86.ActiveCfg = Release|Any CPU
		{9DF262D9-A976-4E55-96E7-B7779C9DA7A0}.Debug|Any CPU.ActiveCfg = Debug|Any CPU
		{9DF262D9-A976-4E55-96E7-B7779C9DA7A0}.Debug|Any CPU.Build.0 = Debug|Any CPU
		{9DF262D9-A976-4E55-96E7-B7779C9DA7A0}.Debug|ARM.ActiveCfg = Debug|Any CPU
		{9DF262D9-A976-4E55-96E7-B7779C9DA7A0}.Debug|ARM.Build.0 = Debug|Any CPU
		{9DF262D9-A976-4E55-96E7-B7779C9DA7A0}.Debug|iPhone.ActiveCfg = Debug|Any CPU
		{9DF262D9-A976-4E55-96E7-B7779C9DA7A0}.Debug|iPhone.Build.0 = Debug|Any CPU
		{9DF262D9-A976-4E55-96E7-B7779C9DA7A0}.Debug|iPhoneSimulator.ActiveCfg = Debug|Any CPU
		{9DF262D9-A976-4E55-96E7-B7779C9DA7A0}.Debug|Mixed Platforms.ActiveCfg = Debug|Any CPU
		{9DF262D9-A976-4E55-96E7-B7779C9DA7A0}.Debug|Mixed Platforms.Build.0 = Debug|Any CPU
		{9DF262D9-A976-4E55-96E7-B7779C9DA7A0}.Debug|x64.ActiveCfg = Debug|Any CPU
		{9DF262D9-A976-4E55-96E7-B7779C9DA7A0}.Debug|x86.ActiveCfg = Debug|Any CPU
		{9DF262D9-A976-4E55-96E7-B7779C9DA7A0}.Release|Any CPU.ActiveCfg = Release|Any CPU
		{9DF262D9-A976-4E55-96E7-B7779C9DA7A0}.Release|Any CPU.Build.0 = Release|Any CPU
		{9DF262D9-A976-4E55-96E7-B7779C9DA7A0}.Release|ARM.ActiveCfg = Release|Any CPU
		{9DF262D9-A976-4E55-96E7-B7779C9DA7A0}.Release|iPhone.ActiveCfg = Release|Any CPU
		{9DF262D9-A976-4E55-96E7-B7779C9DA7A0}.Release|iPhoneSimulator.ActiveCfg = Release|Any CPU
		{9DF262D9-A976-4E55-96E7-B7779C9DA7A0}.Release|Mixed Platforms.ActiveCfg = Release|Any CPU
		{9DF262D9-A976-4E55-96E7-B7779C9DA7A0}.Release|Mixed Platforms.Build.0 = Release|Any CPU
		{9DF262D9-A976-4E55-96E7-B7779C9DA7A0}.Release|x64.ActiveCfg = Release|Any CPU
		{9DF262D9-A976-4E55-96E7-B7779C9DA7A0}.Release|x86.ActiveCfg = Release|Any CPU
		{AADFAD32-5CB8-43E7-B2D4-6666ABCDCD04}.Ad-Hoc|Any CPU.ActiveCfg = Release|Any CPU
		{AADFAD32-5CB8-43E7-B2D4-6666ABCDCD04}.Ad-Hoc|Any CPU.Build.0 = Release|Any CPU
		{AADFAD32-5CB8-43E7-B2D4-6666ABCDCD04}.Ad-Hoc|ARM.ActiveCfg = Release|ARM
		{AADFAD32-5CB8-43E7-B2D4-6666ABCDCD04}.Ad-Hoc|ARM.Build.0 = Release|ARM
		{AADFAD32-5CB8-43E7-B2D4-6666ABCDCD04}.Ad-Hoc|iPhone.ActiveCfg = Release|Any CPU
		{AADFAD32-5CB8-43E7-B2D4-6666ABCDCD04}.Ad-Hoc|iPhoneSimulator.ActiveCfg = Release|Any CPU
		{AADFAD32-5CB8-43E7-B2D4-6666ABCDCD04}.Ad-Hoc|Mixed Platforms.ActiveCfg = Release|x86
		{AADFAD32-5CB8-43E7-B2D4-6666ABCDCD04}.Ad-Hoc|Mixed Platforms.Build.0 = Release|x86
		{AADFAD32-5CB8-43E7-B2D4-6666ABCDCD04}.Ad-Hoc|x64.ActiveCfg = Release|Any CPU
		{AADFAD32-5CB8-43E7-B2D4-6666ABCDCD04}.Ad-Hoc|x86.ActiveCfg = Release|x86
		{AADFAD32-5CB8-43E7-B2D4-6666ABCDCD04}.Ad-Hoc|x86.Build.0 = Release|x86
		{AADFAD32-5CB8-43E7-B2D4-6666ABCDCD04}.AppStore|Any CPU.ActiveCfg = Release|Any CPU
		{AADFAD32-5CB8-43E7-B2D4-6666ABCDCD04}.AppStore|Any CPU.Build.0 = Release|Any CPU
		{AADFAD32-5CB8-43E7-B2D4-6666ABCDCD04}.AppStore|ARM.ActiveCfg = Release|ARM
		{AADFAD32-5CB8-43E7-B2D4-6666ABCDCD04}.AppStore|ARM.Build.0 = Release|ARM
		{AADFAD32-5CB8-43E7-B2D4-6666ABCDCD04}.AppStore|iPhone.ActiveCfg = Release|Any CPU
		{AADFAD32-5CB8-43E7-B2D4-6666ABCDCD04}.AppStore|iPhoneSimulator.ActiveCfg = Release|Any CPU
		{AADFAD32-5CB8-43E7-B2D4-6666ABCDCD04}.AppStore|Mixed Platforms.ActiveCfg = Release|x86
		{AADFAD32-5CB8-43E7-B2D4-6666ABCDCD04}.AppStore|Mixed Platforms.Build.0 = Release|x86
		{AADFAD32-5CB8-43E7-B2D4-6666ABCDCD04}.AppStore|x64.ActiveCfg = Release|Any CPU
		{AADFAD32-5CB8-43E7-B2D4-6666ABCDCD04}.AppStore|x86.ActiveCfg = Release|x86
		{AADFAD32-5CB8-43E7-B2D4-6666ABCDCD04}.AppStore|x86.Build.0 = Release|x86
		{AADFAD32-5CB8-43E7-B2D4-6666ABCDCD04}.Debug|Any CPU.ActiveCfg = Debug|Any CPU
		{AADFAD32-5CB8-43E7-B2D4-6666ABCDCD04}.Debug|Any CPU.Build.0 = Debug|Any CPU
		{AADFAD32-5CB8-43E7-B2D4-6666ABCDCD04}.Debug|ARM.ActiveCfg = Debug|Any CPU
		{AADFAD32-5CB8-43E7-B2D4-6666ABCDCD04}.Debug|ARM.Build.0 = Debug|Any CPU
		{AADFAD32-5CB8-43E7-B2D4-6666ABCDCD04}.Debug|iPhone.ActiveCfg = Debug|ARM
		{AADFAD32-5CB8-43E7-B2D4-6666ABCDCD04}.Debug|iPhone.Build.0 = Debug|ARM
		{AADFAD32-5CB8-43E7-B2D4-6666ABCDCD04}.Debug|iPhoneSimulator.ActiveCfg = Debug|Any CPU
		{AADFAD32-5CB8-43E7-B2D4-6666ABCDCD04}.Debug|Mixed Platforms.ActiveCfg = Debug|x86
		{AADFAD32-5CB8-43E7-B2D4-6666ABCDCD04}.Debug|Mixed Platforms.Build.0 = Debug|x86
		{AADFAD32-5CB8-43E7-B2D4-6666ABCDCD04}.Debug|x64.ActiveCfg = Debug|Any CPU
		{AADFAD32-5CB8-43E7-B2D4-6666ABCDCD04}.Debug|x86.ActiveCfg = Debug|x86
		{AADFAD32-5CB8-43E7-B2D4-6666ABCDCD04}.Debug|x86.Build.0 = Debug|x86
		{AADFAD32-5CB8-43E7-B2D4-6666ABCDCD04}.Release|Any CPU.ActiveCfg = Release|Any CPU
		{AADFAD32-5CB8-43E7-B2D4-6666ABCDCD04}.Release|Any CPU.Build.0 = Release|Any CPU
		{AADFAD32-5CB8-43E7-B2D4-6666ABCDCD04}.Release|ARM.ActiveCfg = Release|ARM
		{AADFAD32-5CB8-43E7-B2D4-6666ABCDCD04}.Release|ARM.Build.0 = Release|ARM
		{AADFAD32-5CB8-43E7-B2D4-6666ABCDCD04}.Release|iPhone.ActiveCfg = Release|Any CPU
		{AADFAD32-5CB8-43E7-B2D4-6666ABCDCD04}.Release|iPhoneSimulator.ActiveCfg = Release|Any CPU
		{AADFAD32-5CB8-43E7-B2D4-6666ABCDCD04}.Release|Mixed Platforms.ActiveCfg = Release|x86
		{AADFAD32-5CB8-43E7-B2D4-6666ABCDCD04}.Release|Mixed Platforms.Build.0 = Release|x86
		{AADFAD32-5CB8-43E7-B2D4-6666ABCDCD04}.Release|x64.ActiveCfg = Release|Any CPU
		{AADFAD32-5CB8-43E7-B2D4-6666ABCDCD04}.Release|x86.ActiveCfg = Release|x86
		{AADFAD32-5CB8-43E7-B2D4-6666ABCDCD04}.Release|x86.Build.0 = Release|x86
		{F6DAE289-4D42-4985-BE3F-9ABEE21B2313}.Ad-Hoc|Any CPU.ActiveCfg = Release|Any CPU
		{F6DAE289-4D42-4985-BE3F-9ABEE21B2313}.Ad-Hoc|Any CPU.Build.0 = Release|Any CPU
		{F6DAE289-4D42-4985-BE3F-9ABEE21B2313}.Ad-Hoc|ARM.ActiveCfg = Release|Any CPU
		{F6DAE289-4D42-4985-BE3F-9ABEE21B2313}.Ad-Hoc|iPhone.ActiveCfg = Release|Any CPU
		{F6DAE289-4D42-4985-BE3F-9ABEE21B2313}.Ad-Hoc|iPhoneSimulator.ActiveCfg = Release|Any CPU
		{F6DAE289-4D42-4985-BE3F-9ABEE21B2313}.Ad-Hoc|Mixed Platforms.ActiveCfg = Release|Any CPU
		{F6DAE289-4D42-4985-BE3F-9ABEE21B2313}.Ad-Hoc|Mixed Platforms.Build.0 = Release|Any CPU
		{F6DAE289-4D42-4985-BE3F-9ABEE21B2313}.Ad-Hoc|x64.ActiveCfg = Release|Any CPU
		{F6DAE289-4D42-4985-BE3F-9ABEE21B2313}.Ad-Hoc|x86.ActiveCfg = Release|Any CPU
		{F6DAE289-4D42-4985-BE3F-9ABEE21B2313}.AppStore|Any CPU.ActiveCfg = Release|Any CPU
		{F6DAE289-4D42-4985-BE3F-9ABEE21B2313}.AppStore|Any CPU.Build.0 = Release|Any CPU
		{F6DAE289-4D42-4985-BE3F-9ABEE21B2313}.AppStore|ARM.ActiveCfg = Release|Any CPU
		{F6DAE289-4D42-4985-BE3F-9ABEE21B2313}.AppStore|iPhone.ActiveCfg = Release|Any CPU
		{F6DAE289-4D42-4985-BE3F-9ABEE21B2313}.AppStore|iPhoneSimulator.ActiveCfg = Release|Any CPU
		{F6DAE289-4D42-4985-BE3F-9ABEE21B2313}.AppStore|Mixed Platforms.ActiveCfg = Release|Any CPU
		{F6DAE289-4D42-4985-BE3F-9ABEE21B2313}.AppStore|Mixed Platforms.Build.0 = Release|Any CPU
		{F6DAE289-4D42-4985-BE3F-9ABEE21B2313}.AppStore|x64.ActiveCfg = Release|Any CPU
		{F6DAE289-4D42-4985-BE3F-9ABEE21B2313}.AppStore|x86.ActiveCfg = Release|Any CPU
		{F6DAE289-4D42-4985-BE3F-9ABEE21B2313}.Debug|Any CPU.ActiveCfg = Debug|Any CPU
		{F6DAE289-4D42-4985-BE3F-9ABEE21B2313}.Debug|Any CPU.Build.0 = Debug|Any CPU
		{F6DAE289-4D42-4985-BE3F-9ABEE21B2313}.Debug|ARM.ActiveCfg = Debug|Any CPU
		{F6DAE289-4D42-4985-BE3F-9ABEE21B2313}.Debug|ARM.Build.0 = Debug|Any CPU
		{F6DAE289-4D42-4985-BE3F-9ABEE21B2313}.Debug|iPhone.ActiveCfg = Debug|Any CPU
		{F6DAE289-4D42-4985-BE3F-9ABEE21B2313}.Debug|iPhone.Build.0 = Debug|Any CPU
		{F6DAE289-4D42-4985-BE3F-9ABEE21B2313}.Debug|iPhoneSimulator.ActiveCfg = Debug|Any CPU
		{F6DAE289-4D42-4985-BE3F-9ABEE21B2313}.Debug|Mixed Platforms.ActiveCfg = Debug|Any CPU
		{F6DAE289-4D42-4985-BE3F-9ABEE21B2313}.Debug|Mixed Platforms.Build.0 = Debug|Any CPU
		{F6DAE289-4D42-4985-BE3F-9ABEE21B2313}.Debug|x64.ActiveCfg = Debug|Any CPU
		{F6DAE289-4D42-4985-BE3F-9ABEE21B2313}.Debug|x86.ActiveCfg = Debug|Any CPU
		{F6DAE289-4D42-4985-BE3F-9ABEE21B2313}.Release|Any CPU.ActiveCfg = Release|Any CPU
		{F6DAE289-4D42-4985-BE3F-9ABEE21B2313}.Release|Any CPU.Build.0 = Release|Any CPU
		{F6DAE289-4D42-4985-BE3F-9ABEE21B2313}.Release|ARM.ActiveCfg = Release|Any CPU
		{F6DAE289-4D42-4985-BE3F-9ABEE21B2313}.Release|iPhone.ActiveCfg = Release|Any CPU
		{F6DAE289-4D42-4985-BE3F-9ABEE21B2313}.Release|iPhoneSimulator.ActiveCfg = Release|Any CPU
		{F6DAE289-4D42-4985-BE3F-9ABEE21B2313}.Release|Mixed Platforms.ActiveCfg = Release|Any CPU
		{F6DAE289-4D42-4985-BE3F-9ABEE21B2313}.Release|Mixed Platforms.Build.0 = Release|Any CPU
		{F6DAE289-4D42-4985-BE3F-9ABEE21B2313}.Release|x64.ActiveCfg = Release|Any CPU
		{F6DAE289-4D42-4985-BE3F-9ABEE21B2313}.Release|x86.ActiveCfg = Release|Any CPU
		{25C3360C-718E-4E33-BF1F-7FF3AE931729}.Ad-Hoc|Any CPU.ActiveCfg = Release|Any CPU
		{25C3360C-718E-4E33-BF1F-7FF3AE931729}.Ad-Hoc|Any CPU.Build.0 = Release|Any CPU
		{25C3360C-718E-4E33-BF1F-7FF3AE931729}.Ad-Hoc|ARM.ActiveCfg = Release|Any CPU
		{25C3360C-718E-4E33-BF1F-7FF3AE931729}.Ad-Hoc|iPhone.ActiveCfg = Release|Any CPU
		{25C3360C-718E-4E33-BF1F-7FF3AE931729}.Ad-Hoc|iPhoneSimulator.ActiveCfg = Release|Any CPU
		{25C3360C-718E-4E33-BF1F-7FF3AE931729}.Ad-Hoc|Mixed Platforms.ActiveCfg = Release|Any CPU
		{25C3360C-718E-4E33-BF1F-7FF3AE931729}.Ad-Hoc|Mixed Platforms.Build.0 = Release|Any CPU
		{25C3360C-718E-4E33-BF1F-7FF3AE931729}.Ad-Hoc|x64.ActiveCfg = Release|Any CPU
		{25C3360C-718E-4E33-BF1F-7FF3AE931729}.Ad-Hoc|x86.ActiveCfg = Release|Any CPU
		{25C3360C-718E-4E33-BF1F-7FF3AE931729}.AppStore|Any CPU.ActiveCfg = Release|Any CPU
		{25C3360C-718E-4E33-BF1F-7FF3AE931729}.AppStore|Any CPU.Build.0 = Release|Any CPU
		{25C3360C-718E-4E33-BF1F-7FF3AE931729}.AppStore|ARM.ActiveCfg = Release|Any CPU
		{25C3360C-718E-4E33-BF1F-7FF3AE931729}.AppStore|iPhone.ActiveCfg = Release|Any CPU
		{25C3360C-718E-4E33-BF1F-7FF3AE931729}.AppStore|iPhoneSimulator.ActiveCfg = Release|Any CPU
		{25C3360C-718E-4E33-BF1F-7FF3AE931729}.AppStore|Mixed Platforms.ActiveCfg = Release|Any CPU
		{25C3360C-718E-4E33-BF1F-7FF3AE931729}.AppStore|Mixed Platforms.Build.0 = Release|Any CPU
		{25C3360C-718E-4E33-BF1F-7FF3AE931729}.AppStore|x64.ActiveCfg = Release|Any CPU
		{25C3360C-718E-4E33-BF1F-7FF3AE931729}.AppStore|x86.ActiveCfg = Release|Any CPU
		{25C3360C-718E-4E33-BF1F-7FF3AE931729}.Debug|Any CPU.ActiveCfg = Debug|Any CPU
		{25C3360C-718E-4E33-BF1F-7FF3AE931729}.Debug|Any CPU.Build.0 = Debug|Any CPU
		{25C3360C-718E-4E33-BF1F-7FF3AE931729}.Debug|ARM.ActiveCfg = Debug|Any CPU
		{25C3360C-718E-4E33-BF1F-7FF3AE931729}.Debug|ARM.Build.0 = Debug|Any CPU
		{25C3360C-718E-4E33-BF1F-7FF3AE931729}.Debug|iPhone.ActiveCfg = Debug|Any CPU
		{25C3360C-718E-4E33-BF1F-7FF3AE931729}.Debug|iPhone.Build.0 = Debug|Any CPU
		{25C3360C-718E-4E33-BF1F-7FF3AE931729}.Debug|iPhoneSimulator.ActiveCfg = Debug|Any CPU
		{25C3360C-718E-4E33-BF1F-7FF3AE931729}.Debug|Mixed Platforms.ActiveCfg = Debug|Any CPU
		{25C3360C-718E-4E33-BF1F-7FF3AE931729}.Debug|Mixed Platforms.Build.0 = Debug|Any CPU
		{25C3360C-718E-4E33-BF1F-7FF3AE931729}.Debug|x64.ActiveCfg = Debug|Any CPU
		{25C3360C-718E-4E33-BF1F-7FF3AE931729}.Debug|x86.ActiveCfg = Debug|Any CPU
		{25C3360C-718E-4E33-BF1F-7FF3AE931729}.Release|Any CPU.ActiveCfg = Release|Any CPU
		{25C3360C-718E-4E33-BF1F-7FF3AE931729}.Release|Any CPU.Build.0 = Release|Any CPU
		{25C3360C-718E-4E33-BF1F-7FF3AE931729}.Release|ARM.ActiveCfg = Release|Any CPU
		{25C3360C-718E-4E33-BF1F-7FF3AE931729}.Release|iPhone.ActiveCfg = Release|Any CPU
		{25C3360C-718E-4E33-BF1F-7FF3AE931729}.Release|iPhoneSimulator.ActiveCfg = Release|Any CPU
		{25C3360C-718E-4E33-BF1F-7FF3AE931729}.Release|Mixed Platforms.ActiveCfg = Release|Any CPU
		{25C3360C-718E-4E33-BF1F-7FF3AE931729}.Release|Mixed Platforms.Build.0 = Release|Any CPU
		{25C3360C-718E-4E33-BF1F-7FF3AE931729}.Release|x64.ActiveCfg = Release|Any CPU
		{25C3360C-718E-4E33-BF1F-7FF3AE931729}.Release|x86.ActiveCfg = Release|Any CPU
		{6BB70F09-3597-41DB-8D7A-5ED7F417E9E7}.Ad-Hoc|Any CPU.ActiveCfg = Release|Any CPU
		{6BB70F09-3597-41DB-8D7A-5ED7F417E9E7}.Ad-Hoc|Any CPU.Build.0 = Release|Any CPU
		{6BB70F09-3597-41DB-8D7A-5ED7F417E9E7}.Ad-Hoc|ARM.ActiveCfg = Release|Any CPU
		{6BB70F09-3597-41DB-8D7A-5ED7F417E9E7}.Ad-Hoc|iPhone.ActiveCfg = Release|Any CPU
		{6BB70F09-3597-41DB-8D7A-5ED7F417E9E7}.Ad-Hoc|iPhoneSimulator.ActiveCfg = Release|Any CPU
		{6BB70F09-3597-41DB-8D7A-5ED7F417E9E7}.Ad-Hoc|Mixed Platforms.ActiveCfg = Release|Any CPU
		{6BB70F09-3597-41DB-8D7A-5ED7F417E9E7}.Ad-Hoc|Mixed Platforms.Build.0 = Release|Any CPU
		{6BB70F09-3597-41DB-8D7A-5ED7F417E9E7}.Ad-Hoc|x64.ActiveCfg = Release|Any CPU
		{6BB70F09-3597-41DB-8D7A-5ED7F417E9E7}.Ad-Hoc|x86.ActiveCfg = Release|Any CPU
		{6BB70F09-3597-41DB-8D7A-5ED7F417E9E7}.AppStore|Any CPU.ActiveCfg = Release|Any CPU
		{6BB70F09-3597-41DB-8D7A-5ED7F417E9E7}.AppStore|Any CPU.Build.0 = Release|Any CPU
		{6BB70F09-3597-41DB-8D7A-5ED7F417E9E7}.AppStore|ARM.ActiveCfg = Release|Any CPU
		{6BB70F09-3597-41DB-8D7A-5ED7F417E9E7}.AppStore|iPhone.ActiveCfg = Release|Any CPU
		{6BB70F09-3597-41DB-8D7A-5ED7F417E9E7}.AppStore|iPhoneSimulator.ActiveCfg = Release|Any CPU
		{6BB70F09-3597-41DB-8D7A-5ED7F417E9E7}.AppStore|Mixed Platforms.ActiveCfg = Release|Any CPU
		{6BB70F09-3597-41DB-8D7A-5ED7F417E9E7}.AppStore|Mixed Platforms.Build.0 = Release|Any CPU
		{6BB70F09-3597-41DB-8D7A-5ED7F417E9E7}.AppStore|x64.ActiveCfg = Release|Any CPU
		{6BB70F09-3597-41DB-8D7A-5ED7F417E9E7}.AppStore|x86.ActiveCfg = Release|Any CPU
		{6BB70F09-3597-41DB-8D7A-5ED7F417E9E7}.Debug|Any CPU.ActiveCfg = Debug|Any CPU
		{6BB70F09-3597-41DB-8D7A-5ED7F417E9E7}.Debug|Any CPU.Build.0 = Debug|Any CPU
		{6BB70F09-3597-41DB-8D7A-5ED7F417E9E7}.Debug|ARM.ActiveCfg = Debug|Any CPU
		{6BB70F09-3597-41DB-8D7A-5ED7F417E9E7}.Debug|ARM.Build.0 = Debug|Any CPU
		{6BB70F09-3597-41DB-8D7A-5ED7F417E9E7}.Debug|iPhone.ActiveCfg = Debug|Any CPU
		{6BB70F09-3597-41DB-8D7A-5ED7F417E9E7}.Debug|iPhone.Build.0 = Debug|Any CPU
		{6BB70F09-3597-41DB-8D7A-5ED7F417E9E7}.Debug|iPhoneSimulator.ActiveCfg = Debug|Any CPU
		{6BB70F09-3597-41DB-8D7A-5ED7F417E9E7}.Debug|Mixed Platforms.ActiveCfg = Debug|Any CPU
		{6BB70F09-3597-41DB-8D7A-5ED7F417E9E7}.Debug|Mixed Platforms.Build.0 = Debug|Any CPU
		{6BB70F09-3597-41DB-8D7A-5ED7F417E9E7}.Debug|x64.ActiveCfg = Debug|Any CPU
		{6BB70F09-3597-41DB-8D7A-5ED7F417E9E7}.Debug|x86.ActiveCfg = Debug|Any CPU
		{6BB70F09-3597-41DB-8D7A-5ED7F417E9E7}.Release|Any CPU.ActiveCfg = Release|Any CPU
		{6BB70F09-3597-41DB-8D7A-5ED7F417E9E7}.Release|Any CPU.Build.0 = Release|Any CPU
		{6BB70F09-3597-41DB-8D7A-5ED7F417E9E7}.Release|ARM.ActiveCfg = Release|Any CPU
		{6BB70F09-3597-41DB-8D7A-5ED7F417E9E7}.Release|iPhone.ActiveCfg = Release|Any CPU
		{6BB70F09-3597-41DB-8D7A-5ED7F417E9E7}.Release|iPhoneSimulator.ActiveCfg = Release|Any CPU
		{6BB70F09-3597-41DB-8D7A-5ED7F417E9E7}.Release|Mixed Platforms.ActiveCfg = Release|Any CPU
		{6BB70F09-3597-41DB-8D7A-5ED7F417E9E7}.Release|Mixed Platforms.Build.0 = Release|Any CPU
		{6BB70F09-3597-41DB-8D7A-5ED7F417E9E7}.Release|x64.ActiveCfg = Release|Any CPU
		{6BB70F09-3597-41DB-8D7A-5ED7F417E9E7}.Release|x86.ActiveCfg = Release|Any CPU
		{B454CA01-3FE2-40BE-9544-323B3E5FEC22}.Ad-Hoc|Any CPU.ActiveCfg = Release|Any CPU
		{B454CA01-3FE2-40BE-9544-323B3E5FEC22}.Ad-Hoc|Any CPU.Build.0 = Release|Any CPU
		{B454CA01-3FE2-40BE-9544-323B3E5FEC22}.Ad-Hoc|Any CPU.Deploy.0 = Release|Any CPU
		{B454CA01-3FE2-40BE-9544-323B3E5FEC22}.Ad-Hoc|ARM.ActiveCfg = Release|ARM
		{B454CA01-3FE2-40BE-9544-323B3E5FEC22}.Ad-Hoc|ARM.Build.0 = Release|ARM
		{B454CA01-3FE2-40BE-9544-323B3E5FEC22}.Ad-Hoc|ARM.Deploy.0 = Release|ARM
		{B454CA01-3FE2-40BE-9544-323B3E5FEC22}.Ad-Hoc|iPhone.ActiveCfg = Release|Any CPU
		{B454CA01-3FE2-40BE-9544-323B3E5FEC22}.Ad-Hoc|iPhoneSimulator.ActiveCfg = Release|Any CPU
		{B454CA01-3FE2-40BE-9544-323B3E5FEC22}.Ad-Hoc|Mixed Platforms.ActiveCfg = Release|x86
		{B454CA01-3FE2-40BE-9544-323B3E5FEC22}.Ad-Hoc|Mixed Platforms.Build.0 = Release|x86
		{B454CA01-3FE2-40BE-9544-323B3E5FEC22}.Ad-Hoc|Mixed Platforms.Deploy.0 = Release|x86
		{B454CA01-3FE2-40BE-9544-323B3E5FEC22}.Ad-Hoc|x64.ActiveCfg = Release|Any CPU
		{B454CA01-3FE2-40BE-9544-323B3E5FEC22}.Ad-Hoc|x86.ActiveCfg = Release|x86
		{B454CA01-3FE2-40BE-9544-323B3E5FEC22}.Ad-Hoc|x86.Build.0 = Release|x86
		{B454CA01-3FE2-40BE-9544-323B3E5FEC22}.Ad-Hoc|x86.Deploy.0 = Release|x86
		{B454CA01-3FE2-40BE-9544-323B3E5FEC22}.AppStore|Any CPU.ActiveCfg = Release|Any CPU
		{B454CA01-3FE2-40BE-9544-323B3E5FEC22}.AppStore|Any CPU.Build.0 = Release|Any CPU
		{B454CA01-3FE2-40BE-9544-323B3E5FEC22}.AppStore|Any CPU.Deploy.0 = Release|Any CPU
		{B454CA01-3FE2-40BE-9544-323B3E5FEC22}.AppStore|ARM.ActiveCfg = Release|ARM
		{B454CA01-3FE2-40BE-9544-323B3E5FEC22}.AppStore|ARM.Build.0 = Release|ARM
		{B454CA01-3FE2-40BE-9544-323B3E5FEC22}.AppStore|ARM.Deploy.0 = Release|ARM
		{B454CA01-3FE2-40BE-9544-323B3E5FEC22}.AppStore|iPhone.ActiveCfg = Release|Any CPU
		{B454CA01-3FE2-40BE-9544-323B3E5FEC22}.AppStore|iPhoneSimulator.ActiveCfg = Release|Any CPU
		{B454CA01-3FE2-40BE-9544-323B3E5FEC22}.AppStore|Mixed Platforms.ActiveCfg = Release|x86
		{B454CA01-3FE2-40BE-9544-323B3E5FEC22}.AppStore|Mixed Platforms.Build.0 = Release|x86
		{B454CA01-3FE2-40BE-9544-323B3E5FEC22}.AppStore|Mixed Platforms.Deploy.0 = Release|x86
		{B454CA01-3FE2-40BE-9544-323B3E5FEC22}.AppStore|x64.ActiveCfg = Release|Any CPU
		{B454CA01-3FE2-40BE-9544-323B3E5FEC22}.AppStore|x86.ActiveCfg = Release|x86
		{B454CA01-3FE2-40BE-9544-323B3E5FEC22}.AppStore|x86.Build.0 = Release|x86
		{B454CA01-3FE2-40BE-9544-323B3E5FEC22}.AppStore|x86.Deploy.0 = Release|x86
		{B454CA01-3FE2-40BE-9544-323B3E5FEC22}.Debug|Any CPU.ActiveCfg = Debug|ARM
		{B454CA01-3FE2-40BE-9544-323B3E5FEC22}.Debug|Any CPU.Build.0 = Debug|ARM
		{B454CA01-3FE2-40BE-9544-323B3E5FEC22}.Debug|Any CPU.Deploy.0 = Debug|ARM
		{B454CA01-3FE2-40BE-9544-323B3E5FEC22}.Debug|ARM.ActiveCfg = Debug|ARM
		{B454CA01-3FE2-40BE-9544-323B3E5FEC22}.Debug|ARM.Build.0 = Debug|ARM
		{B454CA01-3FE2-40BE-9544-323B3E5FEC22}.Debug|ARM.Deploy.0 = Debug|ARM
		{B454CA01-3FE2-40BE-9544-323B3E5FEC22}.Debug|iPhone.ActiveCfg = Debug|ARM
		{B454CA01-3FE2-40BE-9544-323B3E5FEC22}.Debug|iPhone.Build.0 = Debug|ARM
		{B454CA01-3FE2-40BE-9544-323B3E5FEC22}.Debug|iPhone.Deploy.0 = Debug|ARM
		{B454CA01-3FE2-40BE-9544-323B3E5FEC22}.Debug|iPhoneSimulator.ActiveCfg = Debug|Any CPU
		{B454CA01-3FE2-40BE-9544-323B3E5FEC22}.Debug|Mixed Platforms.ActiveCfg = Debug|x86
		{B454CA01-3FE2-40BE-9544-323B3E5FEC22}.Debug|Mixed Platforms.Build.0 = Debug|x86
		{B454CA01-3FE2-40BE-9544-323B3E5FEC22}.Debug|Mixed Platforms.Deploy.0 = Debug|x86
		{B454CA01-3FE2-40BE-9544-323B3E5FEC22}.Debug|x64.ActiveCfg = Debug|Any CPU
		{B454CA01-3FE2-40BE-9544-323B3E5FEC22}.Debug|x86.ActiveCfg = Debug|x86
		{B454CA01-3FE2-40BE-9544-323B3E5FEC22}.Debug|x86.Build.0 = Debug|x86
		{B454CA01-3FE2-40BE-9544-323B3E5FEC22}.Debug|x86.Deploy.0 = Debug|x86
		{B454CA01-3FE2-40BE-9544-323B3E5FEC22}.Release|Any CPU.ActiveCfg = Release|Any CPU
		{B454CA01-3FE2-40BE-9544-323B3E5FEC22}.Release|Any CPU.Build.0 = Release|Any CPU
		{B454CA01-3FE2-40BE-9544-323B3E5FEC22}.Release|Any CPU.Deploy.0 = Release|Any CPU
		{B454CA01-3FE2-40BE-9544-323B3E5FEC22}.Release|ARM.ActiveCfg = Release|ARM
		{B454CA01-3FE2-40BE-9544-323B3E5FEC22}.Release|ARM.Build.0 = Release|ARM
		{B454CA01-3FE2-40BE-9544-323B3E5FEC22}.Release|ARM.Deploy.0 = Release|ARM
		{B454CA01-3FE2-40BE-9544-323B3E5FEC22}.Release|iPhone.ActiveCfg = Release|Any CPU
		{B454CA01-3FE2-40BE-9544-323B3E5FEC22}.Release|iPhoneSimulator.ActiveCfg = Release|Any CPU
		{B454CA01-3FE2-40BE-9544-323B3E5FEC22}.Release|Mixed Platforms.ActiveCfg = Release|x86
		{B454CA01-3FE2-40BE-9544-323B3E5FEC22}.Release|Mixed Platforms.Build.0 = Release|x86
		{B454CA01-3FE2-40BE-9544-323B3E5FEC22}.Release|Mixed Platforms.Deploy.0 = Release|x86
		{B454CA01-3FE2-40BE-9544-323B3E5FEC22}.Release|x64.ActiveCfg = Release|Any CPU
		{B454CA01-3FE2-40BE-9544-323B3E5FEC22}.Release|x86.ActiveCfg = Release|x86
		{B454CA01-3FE2-40BE-9544-323B3E5FEC22}.Release|x86.Build.0 = Release|x86
		{B454CA01-3FE2-40BE-9544-323B3E5FEC22}.Release|x86.Deploy.0 = Release|x86
		{0072EC81-4D1E-42AF-B2DE-1B3011A2A5F0}.Ad-Hoc|Any CPU.ActiveCfg = Ad-Hoc|iPhone
		{0072EC81-4D1E-42AF-B2DE-1B3011A2A5F0}.Ad-Hoc|ARM.ActiveCfg = Ad-Hoc|iPhone
		{0072EC81-4D1E-42AF-B2DE-1B3011A2A5F0}.Ad-Hoc|iPhone.ActiveCfg = Ad-Hoc|iPhone
		{0072EC81-4D1E-42AF-B2DE-1B3011A2A5F0}.Ad-Hoc|iPhone.Build.0 = Ad-Hoc|iPhone
		{0072EC81-4D1E-42AF-B2DE-1B3011A2A5F0}.Ad-Hoc|iPhoneSimulator.ActiveCfg = Ad-Hoc|iPhoneSimulator
		{0072EC81-4D1E-42AF-B2DE-1B3011A2A5F0}.Ad-Hoc|iPhoneSimulator.Build.0 = Ad-Hoc|iPhoneSimulator
		{0072EC81-4D1E-42AF-B2DE-1B3011A2A5F0}.Ad-Hoc|Mixed Platforms.ActiveCfg = Ad-Hoc|iPhone
		{0072EC81-4D1E-42AF-B2DE-1B3011A2A5F0}.Ad-Hoc|Mixed Platforms.Build.0 = Ad-Hoc|iPhone
		{0072EC81-4D1E-42AF-B2DE-1B3011A2A5F0}.Ad-Hoc|x64.ActiveCfg = Ad-Hoc|iPhone
		{0072EC81-4D1E-42AF-B2DE-1B3011A2A5F0}.Ad-Hoc|x86.ActiveCfg = Ad-Hoc|iPhone
		{0072EC81-4D1E-42AF-B2DE-1B3011A2A5F0}.AppStore|Any CPU.ActiveCfg = AppStore|iPhone
		{0072EC81-4D1E-42AF-B2DE-1B3011A2A5F0}.AppStore|ARM.ActiveCfg = AppStore|iPhone
		{0072EC81-4D1E-42AF-B2DE-1B3011A2A5F0}.AppStore|iPhone.ActiveCfg = AppStore|iPhone
		{0072EC81-4D1E-42AF-B2DE-1B3011A2A5F0}.AppStore|iPhone.Build.0 = AppStore|iPhone
		{0072EC81-4D1E-42AF-B2DE-1B3011A2A5F0}.AppStore|iPhoneSimulator.ActiveCfg = AppStore|iPhoneSimulator
		{0072EC81-4D1E-42AF-B2DE-1B3011A2A5F0}.AppStore|iPhoneSimulator.Build.0 = AppStore|iPhoneSimulator
		{0072EC81-4D1E-42AF-B2DE-1B3011A2A5F0}.AppStore|Mixed Platforms.ActiveCfg = AppStore|iPhone
		{0072EC81-4D1E-42AF-B2DE-1B3011A2A5F0}.AppStore|Mixed Platforms.Build.0 = AppStore|iPhone
		{0072EC81-4D1E-42AF-B2DE-1B3011A2A5F0}.AppStore|x64.ActiveCfg = AppStore|iPhone
		{0072EC81-4D1E-42AF-B2DE-1B3011A2A5F0}.AppStore|x86.ActiveCfg = AppStore|iPhone
		{0072EC81-4D1E-42AF-B2DE-1B3011A2A5F0}.Debug|Any CPU.ActiveCfg = Debug|iPhoneSimulator
		{0072EC81-4D1E-42AF-B2DE-1B3011A2A5F0}.Debug|Any CPU.Build.0 = Debug|iPhoneSimulator
		{0072EC81-4D1E-42AF-B2DE-1B3011A2A5F0}.Debug|ARM.ActiveCfg = Debug|iPhoneSimulator
		{0072EC81-4D1E-42AF-B2DE-1B3011A2A5F0}.Debug|ARM.Build.0 = Debug|iPhoneSimulator
		{0072EC81-4D1E-42AF-B2DE-1B3011A2A5F0}.Debug|iPhone.ActiveCfg = Debug|iPhoneSimulator
		{0072EC81-4D1E-42AF-B2DE-1B3011A2A5F0}.Debug|iPhone.Build.0 = Debug|iPhoneSimulator
		{0072EC81-4D1E-42AF-B2DE-1B3011A2A5F0}.Debug|iPhoneSimulator.ActiveCfg = Debug|iPhoneSimulator
		{0072EC81-4D1E-42AF-B2DE-1B3011A2A5F0}.Debug|iPhoneSimulator.Build.0 = Debug|iPhoneSimulator
		{0072EC81-4D1E-42AF-B2DE-1B3011A2A5F0}.Debug|Mixed Platforms.ActiveCfg = Debug|iPhone
		{0072EC81-4D1E-42AF-B2DE-1B3011A2A5F0}.Debug|Mixed Platforms.Build.0 = Debug|iPhone
		{0072EC81-4D1E-42AF-B2DE-1B3011A2A5F0}.Debug|x64.ActiveCfg = Debug|iPhone
		{0072EC81-4D1E-42AF-B2DE-1B3011A2A5F0}.Debug|x86.ActiveCfg = Debug|iPhone
		{0072EC81-4D1E-42AF-B2DE-1B3011A2A5F0}.Release|Any CPU.ActiveCfg = Release|iPhone
		{0072EC81-4D1E-42AF-B2DE-1B3011A2A5F0}.Release|ARM.ActiveCfg = Release|iPhone
		{0072EC81-4D1E-42AF-B2DE-1B3011A2A5F0}.Release|iPhone.ActiveCfg = Release|iPhone
		{0072EC81-4D1E-42AF-B2DE-1B3011A2A5F0}.Release|iPhone.Build.0 = Release|iPhone
		{0072EC81-4D1E-42AF-B2DE-1B3011A2A5F0}.Release|iPhoneSimulator.ActiveCfg = Release|iPhoneSimulator
		{0072EC81-4D1E-42AF-B2DE-1B3011A2A5F0}.Release|iPhoneSimulator.Build.0 = Release|iPhoneSimulator
		{0072EC81-4D1E-42AF-B2DE-1B3011A2A5F0}.Release|Mixed Platforms.ActiveCfg = Release|iPhone
		{0072EC81-4D1E-42AF-B2DE-1B3011A2A5F0}.Release|Mixed Platforms.Build.0 = Release|iPhone
		{0072EC81-4D1E-42AF-B2DE-1B3011A2A5F0}.Release|x64.ActiveCfg = Release|iPhone
		{0072EC81-4D1E-42AF-B2DE-1B3011A2A5F0}.Release|x86.ActiveCfg = Release|iPhone
		{1127CD34-1F55-43F4-BAFD-EC372193F2A8}.Ad-Hoc|Any CPU.ActiveCfg = Release|Any CPU
		{1127CD34-1F55-43F4-BAFD-EC372193F2A8}.Ad-Hoc|Any CPU.Build.0 = Release|Any CPU
		{1127CD34-1F55-43F4-BAFD-EC372193F2A8}.Ad-Hoc|Any CPU.Deploy.0 = Release|Any CPU
		{1127CD34-1F55-43F4-BAFD-EC372193F2A8}.Ad-Hoc|ARM.ActiveCfg = Release|ARM
		{1127CD34-1F55-43F4-BAFD-EC372193F2A8}.Ad-Hoc|ARM.Build.0 = Release|ARM
		{1127CD34-1F55-43F4-BAFD-EC372193F2A8}.Ad-Hoc|ARM.Deploy.0 = Release|ARM
		{1127CD34-1F55-43F4-BAFD-EC372193F2A8}.Ad-Hoc|iPhone.ActiveCfg = Release|Any CPU
		{1127CD34-1F55-43F4-BAFD-EC372193F2A8}.Ad-Hoc|iPhoneSimulator.ActiveCfg = Release|Any CPU
		{1127CD34-1F55-43F4-BAFD-EC372193F2A8}.Ad-Hoc|Mixed Platforms.ActiveCfg = Release|x86
		{1127CD34-1F55-43F4-BAFD-EC372193F2A8}.Ad-Hoc|Mixed Platforms.Build.0 = Release|x86
		{1127CD34-1F55-43F4-BAFD-EC372193F2A8}.Ad-Hoc|Mixed Platforms.Deploy.0 = Release|x86
		{1127CD34-1F55-43F4-BAFD-EC372193F2A8}.Ad-Hoc|x64.ActiveCfg = Release|x64
		{1127CD34-1F55-43F4-BAFD-EC372193F2A8}.Ad-Hoc|x64.Build.0 = Release|x64
		{1127CD34-1F55-43F4-BAFD-EC372193F2A8}.Ad-Hoc|x64.Deploy.0 = Release|x64
		{1127CD34-1F55-43F4-BAFD-EC372193F2A8}.Ad-Hoc|x86.ActiveCfg = Release|x86
		{1127CD34-1F55-43F4-BAFD-EC372193F2A8}.Ad-Hoc|x86.Build.0 = Release|x86
		{1127CD34-1F55-43F4-BAFD-EC372193F2A8}.Ad-Hoc|x86.Deploy.0 = Release|x86
		{1127CD34-1F55-43F4-BAFD-EC372193F2A8}.AppStore|Any CPU.ActiveCfg = Release|Any CPU
		{1127CD34-1F55-43F4-BAFD-EC372193F2A8}.AppStore|Any CPU.Build.0 = Release|Any CPU
		{1127CD34-1F55-43F4-BAFD-EC372193F2A8}.AppStore|Any CPU.Deploy.0 = Release|Any CPU
		{1127CD34-1F55-43F4-BAFD-EC372193F2A8}.AppStore|ARM.ActiveCfg = Release|ARM
		{1127CD34-1F55-43F4-BAFD-EC372193F2A8}.AppStore|ARM.Build.0 = Release|ARM
		{1127CD34-1F55-43F4-BAFD-EC372193F2A8}.AppStore|ARM.Deploy.0 = Release|ARM
		{1127CD34-1F55-43F4-BAFD-EC372193F2A8}.AppStore|iPhone.ActiveCfg = Release|Any CPU
		{1127CD34-1F55-43F4-BAFD-EC372193F2A8}.AppStore|iPhoneSimulator.ActiveCfg = Release|Any CPU
		{1127CD34-1F55-43F4-BAFD-EC372193F2A8}.AppStore|Mixed Platforms.ActiveCfg = Release|x86
		{1127CD34-1F55-43F4-BAFD-EC372193F2A8}.AppStore|Mixed Platforms.Build.0 = Release|x86
		{1127CD34-1F55-43F4-BAFD-EC372193F2A8}.AppStore|Mixed Platforms.Deploy.0 = Release|x86
		{1127CD34-1F55-43F4-BAFD-EC372193F2A8}.AppStore|x64.ActiveCfg = Release|x64
		{1127CD34-1F55-43F4-BAFD-EC372193F2A8}.AppStore|x64.Build.0 = Release|x64
		{1127CD34-1F55-43F4-BAFD-EC372193F2A8}.AppStore|x64.Deploy.0 = Release|x64
		{1127CD34-1F55-43F4-BAFD-EC372193F2A8}.AppStore|x86.ActiveCfg = Release|x86
		{1127CD34-1F55-43F4-BAFD-EC372193F2A8}.AppStore|x86.Build.0 = Release|x86
		{1127CD34-1F55-43F4-BAFD-EC372193F2A8}.AppStore|x86.Deploy.0 = Release|x86
		{1127CD34-1F55-43F4-BAFD-EC372193F2A8}.Debug|Any CPU.ActiveCfg = Debug|x86
		{1127CD34-1F55-43F4-BAFD-EC372193F2A8}.Debug|Any CPU.Build.0 = Debug|x86
		{1127CD34-1F55-43F4-BAFD-EC372193F2A8}.Debug|Any CPU.Deploy.0 = Debug|x86
		{1127CD34-1F55-43F4-BAFD-EC372193F2A8}.Debug|ARM.ActiveCfg = Debug|x86
		{1127CD34-1F55-43F4-BAFD-EC372193F2A8}.Debug|ARM.Build.0 = Debug|x86
		{1127CD34-1F55-43F4-BAFD-EC372193F2A8}.Debug|ARM.Deploy.0 = Debug|x86
		{1127CD34-1F55-43F4-BAFD-EC372193F2A8}.Debug|iPhone.ActiveCfg = Debug|x86
		{1127CD34-1F55-43F4-BAFD-EC372193F2A8}.Debug|iPhone.Build.0 = Debug|x86
		{1127CD34-1F55-43F4-BAFD-EC372193F2A8}.Debug|iPhone.Deploy.0 = Debug|x86
		{1127CD34-1F55-43F4-BAFD-EC372193F2A8}.Debug|iPhoneSimulator.ActiveCfg = Debug|Any CPU
		{1127CD34-1F55-43F4-BAFD-EC372193F2A8}.Debug|Mixed Platforms.ActiveCfg = Debug|x86
		{1127CD34-1F55-43F4-BAFD-EC372193F2A8}.Debug|Mixed Platforms.Build.0 = Debug|x86
		{1127CD34-1F55-43F4-BAFD-EC372193F2A8}.Debug|Mixed Platforms.Deploy.0 = Debug|x86
		{1127CD34-1F55-43F4-BAFD-EC372193F2A8}.Debug|x64.ActiveCfg = Debug|x64
		{1127CD34-1F55-43F4-BAFD-EC372193F2A8}.Debug|x64.Build.0 = Debug|x64
		{1127CD34-1F55-43F4-BAFD-EC372193F2A8}.Debug|x64.Deploy.0 = Debug|x64
		{1127CD34-1F55-43F4-BAFD-EC372193F2A8}.Debug|x86.ActiveCfg = Debug|x86
		{1127CD34-1F55-43F4-BAFD-EC372193F2A8}.Debug|x86.Build.0 = Debug|x86
		{1127CD34-1F55-43F4-BAFD-EC372193F2A8}.Debug|x86.Deploy.0 = Debug|x86
		{1127CD34-1F55-43F4-BAFD-EC372193F2A8}.Release|Any CPU.ActiveCfg = Release|Any CPU
		{1127CD34-1F55-43F4-BAFD-EC372193F2A8}.Release|Any CPU.Build.0 = Release|Any CPU
		{1127CD34-1F55-43F4-BAFD-EC372193F2A8}.Release|Any CPU.Deploy.0 = Release|Any CPU
		{1127CD34-1F55-43F4-BAFD-EC372193F2A8}.Release|ARM.ActiveCfg = Release|ARM
		{1127CD34-1F55-43F4-BAFD-EC372193F2A8}.Release|ARM.Build.0 = Release|ARM
		{1127CD34-1F55-43F4-BAFD-EC372193F2A8}.Release|ARM.Deploy.0 = Release|ARM
		{1127CD34-1F55-43F4-BAFD-EC372193F2A8}.Release|iPhone.ActiveCfg = Release|Any CPU
		{1127CD34-1F55-43F4-BAFD-EC372193F2A8}.Release|iPhoneSimulator.ActiveCfg = Release|Any CPU
		{1127CD34-1F55-43F4-BAFD-EC372193F2A8}.Release|Mixed Platforms.ActiveCfg = Release|x86
		{1127CD34-1F55-43F4-BAFD-EC372193F2A8}.Release|Mixed Platforms.Build.0 = Release|x86
		{1127CD34-1F55-43F4-BAFD-EC372193F2A8}.Release|Mixed Platforms.Deploy.0 = Release|x86
		{1127CD34-1F55-43F4-BAFD-EC372193F2A8}.Release|x64.ActiveCfg = Release|x64
		{1127CD34-1F55-43F4-BAFD-EC372193F2A8}.Release|x64.Build.0 = Release|x64
		{1127CD34-1F55-43F4-BAFD-EC372193F2A8}.Release|x64.Deploy.0 = Release|x64
		{1127CD34-1F55-43F4-BAFD-EC372193F2A8}.Release|x86.ActiveCfg = Release|x86
		{1127CD34-1F55-43F4-BAFD-EC372193F2A8}.Release|x86.Build.0 = Release|x86
		{1127CD34-1F55-43F4-BAFD-EC372193F2A8}.Release|x86.Deploy.0 = Release|x86
		{531D4686-3966-40D9-B8B6-549303CA7135}.Ad-Hoc|Any CPU.ActiveCfg = Release|Any CPU
		{531D4686-3966-40D9-B8B6-549303CA7135}.Ad-Hoc|Any CPU.Build.0 = Release|Any CPU
		{531D4686-3966-40D9-B8B6-549303CA7135}.Ad-Hoc|Any CPU.Deploy.0 = Release|Any CPU
		{531D4686-3966-40D9-B8B6-549303CA7135}.Ad-Hoc|ARM.ActiveCfg = Release|ARM
		{531D4686-3966-40D9-B8B6-549303CA7135}.Ad-Hoc|ARM.Build.0 = Release|ARM
		{531D4686-3966-40D9-B8B6-549303CA7135}.Ad-Hoc|ARM.Deploy.0 = Release|ARM
		{531D4686-3966-40D9-B8B6-549303CA7135}.Ad-Hoc|iPhone.ActiveCfg = Release|Any CPU
		{531D4686-3966-40D9-B8B6-549303CA7135}.Ad-Hoc|iPhoneSimulator.ActiveCfg = Release|Any CPU
		{531D4686-3966-40D9-B8B6-549303CA7135}.Ad-Hoc|Mixed Platforms.ActiveCfg = Release|x86
		{531D4686-3966-40D9-B8B6-549303CA7135}.Ad-Hoc|Mixed Platforms.Build.0 = Release|x86
		{531D4686-3966-40D9-B8B6-549303CA7135}.Ad-Hoc|Mixed Platforms.Deploy.0 = Release|x86
		{531D4686-3966-40D9-B8B6-549303CA7135}.Ad-Hoc|x64.ActiveCfg = Release|Any CPU
		{531D4686-3966-40D9-B8B6-549303CA7135}.Ad-Hoc|x86.ActiveCfg = Release|x86
		{531D4686-3966-40D9-B8B6-549303CA7135}.Ad-Hoc|x86.Build.0 = Release|x86
		{531D4686-3966-40D9-B8B6-549303CA7135}.Ad-Hoc|x86.Deploy.0 = Release|x86
		{531D4686-3966-40D9-B8B6-549303CA7135}.AppStore|Any CPU.ActiveCfg = Release|Any CPU
		{531D4686-3966-40D9-B8B6-549303CA7135}.AppStore|Any CPU.Build.0 = Release|Any CPU
		{531D4686-3966-40D9-B8B6-549303CA7135}.AppStore|Any CPU.Deploy.0 = Release|Any CPU
		{531D4686-3966-40D9-B8B6-549303CA7135}.AppStore|ARM.ActiveCfg = Release|ARM
		{531D4686-3966-40D9-B8B6-549303CA7135}.AppStore|ARM.Build.0 = Release|ARM
		{531D4686-3966-40D9-B8B6-549303CA7135}.AppStore|ARM.Deploy.0 = Release|ARM
		{531D4686-3966-40D9-B8B6-549303CA7135}.AppStore|iPhone.ActiveCfg = Release|Any CPU
		{531D4686-3966-40D9-B8B6-549303CA7135}.AppStore|iPhoneSimulator.ActiveCfg = Release|Any CPU
		{531D4686-3966-40D9-B8B6-549303CA7135}.AppStore|Mixed Platforms.ActiveCfg = Release|x86
		{531D4686-3966-40D9-B8B6-549303CA7135}.AppStore|Mixed Platforms.Build.0 = Release|x86
		{531D4686-3966-40D9-B8B6-549303CA7135}.AppStore|Mixed Platforms.Deploy.0 = Release|x86
		{531D4686-3966-40D9-B8B6-549303CA7135}.AppStore|x64.ActiveCfg = Release|Any CPU
		{531D4686-3966-40D9-B8B6-549303CA7135}.AppStore|x86.ActiveCfg = Release|x86
		{531D4686-3966-40D9-B8B6-549303CA7135}.AppStore|x86.Build.0 = Release|x86
		{531D4686-3966-40D9-B8B6-549303CA7135}.AppStore|x86.Deploy.0 = Release|x86
		{531D4686-3966-40D9-B8B6-549303CA7135}.Debug|Any CPU.ActiveCfg = Debug|ARM
		{531D4686-3966-40D9-B8B6-549303CA7135}.Debug|Any CPU.Build.0 = Debug|ARM
		{531D4686-3966-40D9-B8B6-549303CA7135}.Debug|Any CPU.Deploy.0 = Debug|ARM
		{531D4686-3966-40D9-B8B6-549303CA7135}.Debug|ARM.ActiveCfg = Debug|ARM
		{531D4686-3966-40D9-B8B6-549303CA7135}.Debug|ARM.Build.0 = Debug|ARM
		{531D4686-3966-40D9-B8B6-549303CA7135}.Debug|ARM.Deploy.0 = Debug|ARM
		{531D4686-3966-40D9-B8B6-549303CA7135}.Debug|iPhone.ActiveCfg = Debug|ARM
		{531D4686-3966-40D9-B8B6-549303CA7135}.Debug|iPhone.Build.0 = Debug|ARM
		{531D4686-3966-40D9-B8B6-549303CA7135}.Debug|iPhone.Deploy.0 = Debug|ARM
		{531D4686-3966-40D9-B8B6-549303CA7135}.Debug|iPhoneSimulator.ActiveCfg = Debug|Any CPU
		{531D4686-3966-40D9-B8B6-549303CA7135}.Debug|Mixed Platforms.ActiveCfg = Debug|x86
		{531D4686-3966-40D9-B8B6-549303CA7135}.Debug|Mixed Platforms.Build.0 = Debug|x86
		{531D4686-3966-40D9-B8B6-549303CA7135}.Debug|Mixed Platforms.Deploy.0 = Debug|x86
		{531D4686-3966-40D9-B8B6-549303CA7135}.Debug|x64.ActiveCfg = Debug|Any CPU
		{531D4686-3966-40D9-B8B6-549303CA7135}.Debug|x86.ActiveCfg = Debug|x86
		{531D4686-3966-40D9-B8B6-549303CA7135}.Debug|x86.Build.0 = Debug|x86
		{531D4686-3966-40D9-B8B6-549303CA7135}.Debug|x86.Deploy.0 = Debug|x86
		{531D4686-3966-40D9-B8B6-549303CA7135}.Release|Any CPU.ActiveCfg = Release|Any CPU
		{531D4686-3966-40D9-B8B6-549303CA7135}.Release|Any CPU.Build.0 = Release|Any CPU
		{531D4686-3966-40D9-B8B6-549303CA7135}.Release|Any CPU.Deploy.0 = Release|Any CPU
		{531D4686-3966-40D9-B8B6-549303CA7135}.Release|ARM.ActiveCfg = Release|ARM
		{531D4686-3966-40D9-B8B6-549303CA7135}.Release|ARM.Build.0 = Release|ARM
		{531D4686-3966-40D9-B8B6-549303CA7135}.Release|ARM.Deploy.0 = Release|ARM
		{531D4686-3966-40D9-B8B6-549303CA7135}.Release|iPhone.ActiveCfg = Release|Any CPU
		{531D4686-3966-40D9-B8B6-549303CA7135}.Release|iPhoneSimulator.ActiveCfg = Release|Any CPU
		{531D4686-3966-40D9-B8B6-549303CA7135}.Release|Mixed Platforms.ActiveCfg = Release|x86
		{531D4686-3966-40D9-B8B6-549303CA7135}.Release|Mixed Platforms.Build.0 = Release|x86
		{531D4686-3966-40D9-B8B6-549303CA7135}.Release|Mixed Platforms.Deploy.0 = Release|x86
		{531D4686-3966-40D9-B8B6-549303CA7135}.Release|x64.ActiveCfg = Release|Any CPU
		{531D4686-3966-40D9-B8B6-549303CA7135}.Release|x86.ActiveCfg = Release|x86
		{531D4686-3966-40D9-B8B6-549303CA7135}.Release|x86.Build.0 = Release|x86
		{531D4686-3966-40D9-B8B6-549303CA7135}.Release|x86.Deploy.0 = Release|x86
		{FFC7D48C-20EF-4D1D-9180-BCF2E83D4222}.Ad-Hoc|Any CPU.ActiveCfg = Release|Any CPU
		{FFC7D48C-20EF-4D1D-9180-BCF2E83D4222}.Ad-Hoc|Any CPU.Build.0 = Release|Any CPU
		{FFC7D48C-20EF-4D1D-9180-BCF2E83D4222}.Ad-Hoc|ARM.ActiveCfg = Release|ARM
		{FFC7D48C-20EF-4D1D-9180-BCF2E83D4222}.Ad-Hoc|ARM.Build.0 = Release|ARM
		{FFC7D48C-20EF-4D1D-9180-BCF2E83D4222}.Ad-Hoc|iPhone.ActiveCfg = Release|Any CPU
		{FFC7D48C-20EF-4D1D-9180-BCF2E83D4222}.Ad-Hoc|iPhoneSimulator.ActiveCfg = Release|Any CPU
		{FFC7D48C-20EF-4D1D-9180-BCF2E83D4222}.Ad-Hoc|Mixed Platforms.ActiveCfg = Release|x86
		{FFC7D48C-20EF-4D1D-9180-BCF2E83D4222}.Ad-Hoc|Mixed Platforms.Build.0 = Release|x86
		{FFC7D48C-20EF-4D1D-9180-BCF2E83D4222}.Ad-Hoc|x64.ActiveCfg = Release|Any CPU
		{FFC7D48C-20EF-4D1D-9180-BCF2E83D4222}.Ad-Hoc|x86.ActiveCfg = Release|x86
		{FFC7D48C-20EF-4D1D-9180-BCF2E83D4222}.Ad-Hoc|x86.Build.0 = Release|x86
		{FFC7D48C-20EF-4D1D-9180-BCF2E83D4222}.AppStore|Any CPU.ActiveCfg = Release|Any CPU
		{FFC7D48C-20EF-4D1D-9180-BCF2E83D4222}.AppStore|Any CPU.Build.0 = Release|Any CPU
		{FFC7D48C-20EF-4D1D-9180-BCF2E83D4222}.AppStore|ARM.ActiveCfg = Release|ARM
		{FFC7D48C-20EF-4D1D-9180-BCF2E83D4222}.AppStore|ARM.Build.0 = Release|ARM
		{FFC7D48C-20EF-4D1D-9180-BCF2E83D4222}.AppStore|iPhone.ActiveCfg = Release|Any CPU
		{FFC7D48C-20EF-4D1D-9180-BCF2E83D4222}.AppStore|iPhoneSimulator.ActiveCfg = Release|Any CPU
		{FFC7D48C-20EF-4D1D-9180-BCF2E83D4222}.AppStore|Mixed Platforms.ActiveCfg = Release|x86
		{FFC7D48C-20EF-4D1D-9180-BCF2E83D4222}.AppStore|Mixed Platforms.Build.0 = Release|x86
		{FFC7D48C-20EF-4D1D-9180-BCF2E83D4222}.AppStore|x64.ActiveCfg = Release|Any CPU
		{FFC7D48C-20EF-4D1D-9180-BCF2E83D4222}.AppStore|x86.ActiveCfg = Release|x86
		{FFC7D48C-20EF-4D1D-9180-BCF2E83D4222}.AppStore|x86.Build.0 = Release|x86
		{FFC7D48C-20EF-4D1D-9180-BCF2E83D4222}.Debug|Any CPU.ActiveCfg = Debug|Any CPU
		{FFC7D48C-20EF-4D1D-9180-BCF2E83D4222}.Debug|Any CPU.Build.0 = Debug|Any CPU
		{FFC7D48C-20EF-4D1D-9180-BCF2E83D4222}.Debug|ARM.ActiveCfg = Debug|Any CPU
		{FFC7D48C-20EF-4D1D-9180-BCF2E83D4222}.Debug|ARM.Build.0 = Debug|Any CPU
		{FFC7D48C-20EF-4D1D-9180-BCF2E83D4222}.Debug|iPhone.ActiveCfg = Debug|ARM
		{FFC7D48C-20EF-4D1D-9180-BCF2E83D4222}.Debug|iPhone.Build.0 = Debug|ARM
		{FFC7D48C-20EF-4D1D-9180-BCF2E83D4222}.Debug|iPhoneSimulator.ActiveCfg = Debug|Any CPU
		{FFC7D48C-20EF-4D1D-9180-BCF2E83D4222}.Debug|Mixed Platforms.ActiveCfg = Debug|x86
		{FFC7D48C-20EF-4D1D-9180-BCF2E83D4222}.Debug|Mixed Platforms.Build.0 = Debug|x86
		{FFC7D48C-20EF-4D1D-9180-BCF2E83D4222}.Debug|x64.ActiveCfg = Debug|Any CPU
		{FFC7D48C-20EF-4D1D-9180-BCF2E83D4222}.Debug|x86.ActiveCfg = Debug|x86
		{FFC7D48C-20EF-4D1D-9180-BCF2E83D4222}.Debug|x86.Build.0 = Debug|x86
		{FFC7D48C-20EF-4D1D-9180-BCF2E83D4222}.Release|Any CPU.ActiveCfg = Release|Any CPU
		{FFC7D48C-20EF-4D1D-9180-BCF2E83D4222}.Release|Any CPU.Build.0 = Release|Any CPU
		{FFC7D48C-20EF-4D1D-9180-BCF2E83D4222}.Release|ARM.ActiveCfg = Release|ARM
		{FFC7D48C-20EF-4D1D-9180-BCF2E83D4222}.Release|ARM.Build.0 = Release|ARM
		{FFC7D48C-20EF-4D1D-9180-BCF2E83D4222}.Release|iPhone.ActiveCfg = Release|Any CPU
		{FFC7D48C-20EF-4D1D-9180-BCF2E83D4222}.Release|iPhoneSimulator.ActiveCfg = Release|Any CPU
		{FFC7D48C-20EF-4D1D-9180-BCF2E83D4222}.Release|Mixed Platforms.ActiveCfg = Release|x86
		{FFC7D48C-20EF-4D1D-9180-BCF2E83D4222}.Release|Mixed Platforms.Build.0 = Release|x86
		{FFC7D48C-20EF-4D1D-9180-BCF2E83D4222}.Release|x64.ActiveCfg = Release|Any CPU
		{FFC7D48C-20EF-4D1D-9180-BCF2E83D4222}.Release|x86.ActiveCfg = Release|x86
		{FFC7D48C-20EF-4D1D-9180-BCF2E83D4222}.Release|x86.Build.0 = Release|x86
		{24E4A94C-7CD2-4002-959A-3F64D1F26555}.Ad-Hoc|Any CPU.ActiveCfg = Release|Any CPU
		{24E4A94C-7CD2-4002-959A-3F64D1F26555}.Ad-Hoc|Any CPU.Build.0 = Release|Any CPU
		{24E4A94C-7CD2-4002-959A-3F64D1F26555}.Ad-Hoc|ARM.ActiveCfg = Release|ARM
		{24E4A94C-7CD2-4002-959A-3F64D1F26555}.Ad-Hoc|ARM.Build.0 = Release|ARM
		{24E4A94C-7CD2-4002-959A-3F64D1F26555}.Ad-Hoc|iPhone.ActiveCfg = Release|Any CPU
		{24E4A94C-7CD2-4002-959A-3F64D1F26555}.Ad-Hoc|iPhoneSimulator.ActiveCfg = Release|Any CPU
		{24E4A94C-7CD2-4002-959A-3F64D1F26555}.Ad-Hoc|Mixed Platforms.ActiveCfg = Release|x86
		{24E4A94C-7CD2-4002-959A-3F64D1F26555}.Ad-Hoc|Mixed Platforms.Build.0 = Release|x86
		{24E4A94C-7CD2-4002-959A-3F64D1F26555}.Ad-Hoc|x64.ActiveCfg = Release|x64
		{24E4A94C-7CD2-4002-959A-3F64D1F26555}.Ad-Hoc|x64.Build.0 = Release|x64
		{24E4A94C-7CD2-4002-959A-3F64D1F26555}.Ad-Hoc|x86.ActiveCfg = Release|x86
		{24E4A94C-7CD2-4002-959A-3F64D1F26555}.Ad-Hoc|x86.Build.0 = Release|x86
		{24E4A94C-7CD2-4002-959A-3F64D1F26555}.AppStore|Any CPU.ActiveCfg = Release|Any CPU
		{24E4A94C-7CD2-4002-959A-3F64D1F26555}.AppStore|Any CPU.Build.0 = Release|Any CPU
		{24E4A94C-7CD2-4002-959A-3F64D1F26555}.AppStore|ARM.ActiveCfg = Release|ARM
		{24E4A94C-7CD2-4002-959A-3F64D1F26555}.AppStore|ARM.Build.0 = Release|ARM
		{24E4A94C-7CD2-4002-959A-3F64D1F26555}.AppStore|iPhone.ActiveCfg = Release|Any CPU
		{24E4A94C-7CD2-4002-959A-3F64D1F26555}.AppStore|iPhoneSimulator.ActiveCfg = Release|Any CPU
		{24E4A94C-7CD2-4002-959A-3F64D1F26555}.AppStore|Mixed Platforms.ActiveCfg = Release|x86
		{24E4A94C-7CD2-4002-959A-3F64D1F26555}.AppStore|Mixed Platforms.Build.0 = Release|x86
		{24E4A94C-7CD2-4002-959A-3F64D1F26555}.AppStore|x64.ActiveCfg = Release|x64
		{24E4A94C-7CD2-4002-959A-3F64D1F26555}.AppStore|x64.Build.0 = Release|x64
		{24E4A94C-7CD2-4002-959A-3F64D1F26555}.AppStore|x86.ActiveCfg = Release|x86
		{24E4A94C-7CD2-4002-959A-3F64D1F26555}.AppStore|x86.Build.0 = Release|x86
		{24E4A94C-7CD2-4002-959A-3F64D1F26555}.Debug|Any CPU.ActiveCfg = Debug|Any CPU
		{24E4A94C-7CD2-4002-959A-3F64D1F26555}.Debug|Any CPU.Build.0 = Debug|Any CPU
		{24E4A94C-7CD2-4002-959A-3F64D1F26555}.Debug|ARM.ActiveCfg = Debug|Any CPU
		{24E4A94C-7CD2-4002-959A-3F64D1F26555}.Debug|ARM.Build.0 = Debug|Any CPU
		{24E4A94C-7CD2-4002-959A-3F64D1F26555}.Debug|iPhone.ActiveCfg = Debug|x86
		{24E4A94C-7CD2-4002-959A-3F64D1F26555}.Debug|iPhone.Build.0 = Debug|x86
		{24E4A94C-7CD2-4002-959A-3F64D1F26555}.Debug|iPhoneSimulator.ActiveCfg = Debug|Any CPU
		{24E4A94C-7CD2-4002-959A-3F64D1F26555}.Debug|Mixed Platforms.ActiveCfg = Debug|x86
		{24E4A94C-7CD2-4002-959A-3F64D1F26555}.Debug|Mixed Platforms.Build.0 = Debug|x86
		{24E4A94C-7CD2-4002-959A-3F64D1F26555}.Debug|x64.ActiveCfg = Debug|x64
		{24E4A94C-7CD2-4002-959A-3F64D1F26555}.Debug|x64.Build.0 = Debug|x64
		{24E4A94C-7CD2-4002-959A-3F64D1F26555}.Debug|x86.ActiveCfg = Debug|x86
		{24E4A94C-7CD2-4002-959A-3F64D1F26555}.Debug|x86.Build.0 = Debug|x86
		{24E4A94C-7CD2-4002-959A-3F64D1F26555}.Release|Any CPU.ActiveCfg = Release|Any CPU
		{24E4A94C-7CD2-4002-959A-3F64D1F26555}.Release|Any CPU.Build.0 = Release|Any CPU
		{24E4A94C-7CD2-4002-959A-3F64D1F26555}.Release|ARM.ActiveCfg = Release|ARM
		{24E4A94C-7CD2-4002-959A-3F64D1F26555}.Release|ARM.Build.0 = Release|ARM
		{24E4A94C-7CD2-4002-959A-3F64D1F26555}.Release|iPhone.ActiveCfg = Release|Any CPU
		{24E4A94C-7CD2-4002-959A-3F64D1F26555}.Release|iPhoneSimulator.ActiveCfg = Release|Any CPU
		{24E4A94C-7CD2-4002-959A-3F64D1F26555}.Release|Mixed Platforms.ActiveCfg = Release|x86
		{24E4A94C-7CD2-4002-959A-3F64D1F26555}.Release|Mixed Platforms.Build.0 = Release|x86
		{24E4A94C-7CD2-4002-959A-3F64D1F26555}.Release|x64.ActiveCfg = Release|x64
		{24E4A94C-7CD2-4002-959A-3F64D1F26555}.Release|x64.Build.0 = Release|x64
		{24E4A94C-7CD2-4002-959A-3F64D1F26555}.Release|x86.ActiveCfg = Release|x86
		{24E4A94C-7CD2-4002-959A-3F64D1F26555}.Release|x86.Build.0 = Release|x86
		{028C4DBD-AEBD-4A55-B60B-9B6AC3A01DAB}.Ad-Hoc|Any CPU.ActiveCfg = Release|Any CPU
		{028C4DBD-AEBD-4A55-B60B-9B6AC3A01DAB}.Ad-Hoc|Any CPU.Build.0 = Release|Any CPU
		{028C4DBD-AEBD-4A55-B60B-9B6AC3A01DAB}.Ad-Hoc|Any CPU.Deploy.0 = Release|Any CPU
		{028C4DBD-AEBD-4A55-B60B-9B6AC3A01DAB}.Ad-Hoc|ARM.ActiveCfg = Release|Any CPU
		{028C4DBD-AEBD-4A55-B60B-9B6AC3A01DAB}.Ad-Hoc|iPhone.ActiveCfg = Release|Any CPU
		{028C4DBD-AEBD-4A55-B60B-9B6AC3A01DAB}.Ad-Hoc|iPhoneSimulator.ActiveCfg = Release|Any CPU
		{028C4DBD-AEBD-4A55-B60B-9B6AC3A01DAB}.Ad-Hoc|Mixed Platforms.ActiveCfg = Release|Any CPU
		{028C4DBD-AEBD-4A55-B60B-9B6AC3A01DAB}.Ad-Hoc|Mixed Platforms.Build.0 = Release|Any CPU
		{028C4DBD-AEBD-4A55-B60B-9B6AC3A01DAB}.Ad-Hoc|Mixed Platforms.Deploy.0 = Release|Any CPU
		{028C4DBD-AEBD-4A55-B60B-9B6AC3A01DAB}.Ad-Hoc|x64.ActiveCfg = Release|Any CPU
		{028C4DBD-AEBD-4A55-B60B-9B6AC3A01DAB}.Ad-Hoc|x86.ActiveCfg = Release|Any CPU
		{028C4DBD-AEBD-4A55-B60B-9B6AC3A01DAB}.AppStore|Any CPU.ActiveCfg = Release|Any CPU
		{028C4DBD-AEBD-4A55-B60B-9B6AC3A01DAB}.AppStore|Any CPU.Build.0 = Release|Any CPU
		{028C4DBD-AEBD-4A55-B60B-9B6AC3A01DAB}.AppStore|Any CPU.Deploy.0 = Release|Any CPU
		{028C4DBD-AEBD-4A55-B60B-9B6AC3A01DAB}.AppStore|ARM.ActiveCfg = Release|Any CPU
		{028C4DBD-AEBD-4A55-B60B-9B6AC3A01DAB}.AppStore|iPhone.ActiveCfg = Release|Any CPU
		{028C4DBD-AEBD-4A55-B60B-9B6AC3A01DAB}.AppStore|iPhoneSimulator.ActiveCfg = Release|Any CPU
		{028C4DBD-AEBD-4A55-B60B-9B6AC3A01DAB}.AppStore|Mixed Platforms.ActiveCfg = Release|Any CPU
		{028C4DBD-AEBD-4A55-B60B-9B6AC3A01DAB}.AppStore|Mixed Platforms.Build.0 = Release|Any CPU
		{028C4DBD-AEBD-4A55-B60B-9B6AC3A01DAB}.AppStore|Mixed Platforms.Deploy.0 = Release|Any CPU
		{028C4DBD-AEBD-4A55-B60B-9B6AC3A01DAB}.AppStore|x64.ActiveCfg = Release|Any CPU
		{028C4DBD-AEBD-4A55-B60B-9B6AC3A01DAB}.AppStore|x86.ActiveCfg = Release|Any CPU
		{028C4DBD-AEBD-4A55-B60B-9B6AC3A01DAB}.Debug|Any CPU.ActiveCfg = Debug|Any CPU
		{028C4DBD-AEBD-4A55-B60B-9B6AC3A01DAB}.Debug|Any CPU.Build.0 = Debug|Any CPU
		{028C4DBD-AEBD-4A55-B60B-9B6AC3A01DAB}.Debug|Any CPU.Deploy.0 = Debug|Any CPU
		{028C4DBD-AEBD-4A55-B60B-9B6AC3A01DAB}.Debug|ARM.ActiveCfg = Debug|Any CPU
		{028C4DBD-AEBD-4A55-B60B-9B6AC3A01DAB}.Debug|ARM.Build.0 = Debug|Any CPU
		{028C4DBD-AEBD-4A55-B60B-9B6AC3A01DAB}.Debug|ARM.Deploy.0 = Debug|Any CPU
		{028C4DBD-AEBD-4A55-B60B-9B6AC3A01DAB}.Debug|iPhone.ActiveCfg = Debug|Any CPU
		{028C4DBD-AEBD-4A55-B60B-9B6AC3A01DAB}.Debug|iPhoneSimulator.ActiveCfg = Debug|Any CPU
		{028C4DBD-AEBD-4A55-B60B-9B6AC3A01DAB}.Debug|Mixed Platforms.ActiveCfg = Debug|Any CPU
		{028C4DBD-AEBD-4A55-B60B-9B6AC3A01DAB}.Debug|Mixed Platforms.Build.0 = Debug|Any CPU
		{028C4DBD-AEBD-4A55-B60B-9B6AC3A01DAB}.Debug|Mixed Platforms.Deploy.0 = Debug|Any CPU
		{028C4DBD-AEBD-4A55-B60B-9B6AC3A01DAB}.Debug|x64.ActiveCfg = Debug|Any CPU
		{028C4DBD-AEBD-4A55-B60B-9B6AC3A01DAB}.Debug|x86.ActiveCfg = Debug|Any CPU
		{028C4DBD-AEBD-4A55-B60B-9B6AC3A01DAB}.Release|Any CPU.ActiveCfg = Release|Any CPU
		{028C4DBD-AEBD-4A55-B60B-9B6AC3A01DAB}.Release|Any CPU.Build.0 = Release|Any CPU
		{028C4DBD-AEBD-4A55-B60B-9B6AC3A01DAB}.Release|Any CPU.Deploy.0 = Release|Any CPU
		{028C4DBD-AEBD-4A55-B60B-9B6AC3A01DAB}.Release|ARM.ActiveCfg = Release|Any CPU
		{028C4DBD-AEBD-4A55-B60B-9B6AC3A01DAB}.Release|iPhone.ActiveCfg = Release|Any CPU
		{028C4DBD-AEBD-4A55-B60B-9B6AC3A01DAB}.Release|iPhoneSimulator.ActiveCfg = Release|Any CPU
		{028C4DBD-AEBD-4A55-B60B-9B6AC3A01DAB}.Release|Mixed Platforms.ActiveCfg = Release|Any CPU
		{028C4DBD-AEBD-4A55-B60B-9B6AC3A01DAB}.Release|Mixed Platforms.Build.0 = Release|Any CPU
		{028C4DBD-AEBD-4A55-B60B-9B6AC3A01DAB}.Release|Mixed Platforms.Deploy.0 = Release|Any CPU
		{028C4DBD-AEBD-4A55-B60B-9B6AC3A01DAB}.Release|x64.ActiveCfg = Release|Any CPU
		{028C4DBD-AEBD-4A55-B60B-9B6AC3A01DAB}.Release|x86.ActiveCfg = Release|Any CPU
		{3D49D528-DDFC-4A90-83F6-635B5D9DBFB0}.Ad-Hoc|Any CPU.ActiveCfg = Release|Any CPU
		{3D49D528-DDFC-4A90-83F6-635B5D9DBFB0}.Ad-Hoc|Any CPU.Build.0 = Release|Any CPU
		{3D49D528-DDFC-4A90-83F6-635B5D9DBFB0}.Ad-Hoc|ARM.ActiveCfg = Release|Any CPU
		{3D49D528-DDFC-4A90-83F6-635B5D9DBFB0}.Ad-Hoc|iPhone.ActiveCfg = Release|Any CPU
		{3D49D528-DDFC-4A90-83F6-635B5D9DBFB0}.Ad-Hoc|iPhoneSimulator.ActiveCfg = Release|Any CPU
		{3D49D528-DDFC-4A90-83F6-635B5D9DBFB0}.Ad-Hoc|Mixed Platforms.ActiveCfg = Release|Any CPU
		{3D49D528-DDFC-4A90-83F6-635B5D9DBFB0}.Ad-Hoc|Mixed Platforms.Build.0 = Release|Any CPU
		{3D49D528-DDFC-4A90-83F6-635B5D9DBFB0}.Ad-Hoc|x64.ActiveCfg = Release|Any CPU
		{3D49D528-DDFC-4A90-83F6-635B5D9DBFB0}.Ad-Hoc|x86.ActiveCfg = Release|Any CPU
		{3D49D528-DDFC-4A90-83F6-635B5D9DBFB0}.AppStore|Any CPU.ActiveCfg = Release|Any CPU
		{3D49D528-DDFC-4A90-83F6-635B5D9DBFB0}.AppStore|Any CPU.Build.0 = Release|Any CPU
		{3D49D528-DDFC-4A90-83F6-635B5D9DBFB0}.AppStore|ARM.ActiveCfg = Release|Any CPU
		{3D49D528-DDFC-4A90-83F6-635B5D9DBFB0}.AppStore|iPhone.ActiveCfg = Release|Any CPU
		{3D49D528-DDFC-4A90-83F6-635B5D9DBFB0}.AppStore|iPhoneSimulator.ActiveCfg = Release|Any CPU
		{3D49D528-DDFC-4A90-83F6-635B5D9DBFB0}.AppStore|Mixed Platforms.ActiveCfg = Release|Any CPU
		{3D49D528-DDFC-4A90-83F6-635B5D9DBFB0}.AppStore|Mixed Platforms.Build.0 = Release|Any CPU
		{3D49D528-DDFC-4A90-83F6-635B5D9DBFB0}.AppStore|x64.ActiveCfg = Release|Any CPU
		{3D49D528-DDFC-4A90-83F6-635B5D9DBFB0}.AppStore|x86.ActiveCfg = Release|Any CPU
		{3D49D528-DDFC-4A90-83F6-635B5D9DBFB0}.Debug|Any CPU.ActiveCfg = Debug|Any CPU
		{3D49D528-DDFC-4A90-83F6-635B5D9DBFB0}.Debug|Any CPU.Build.0 = Debug|Any CPU
		{3D49D528-DDFC-4A90-83F6-635B5D9DBFB0}.Debug|ARM.ActiveCfg = Debug|Any CPU
		{3D49D528-DDFC-4A90-83F6-635B5D9DBFB0}.Debug|ARM.Build.0 = Debug|Any CPU
		{3D49D528-DDFC-4A90-83F6-635B5D9DBFB0}.Debug|iPhone.ActiveCfg = Debug|Any CPU
		{3D49D528-DDFC-4A90-83F6-635B5D9DBFB0}.Debug|iPhoneSimulator.ActiveCfg = Debug|Any CPU
		{3D49D528-DDFC-4A90-83F6-635B5D9DBFB0}.Debug|Mixed Platforms.ActiveCfg = Debug|Any CPU
		{3D49D528-DDFC-4A90-83F6-635B5D9DBFB0}.Debug|Mixed Platforms.Build.0 = Debug|Any CPU
		{3D49D528-DDFC-4A90-83F6-635B5D9DBFB0}.Debug|x64.ActiveCfg = Debug|Any CPU
		{3D49D528-DDFC-4A90-83F6-635B5D9DBFB0}.Debug|x86.ActiveCfg = Debug|Any CPU
		{3D49D528-DDFC-4A90-83F6-635B5D9DBFB0}.Release|Any CPU.ActiveCfg = Release|Any CPU
		{3D49D528-DDFC-4A90-83F6-635B5D9DBFB0}.Release|Any CPU.Build.0 = Release|Any CPU
		{3D49D528-DDFC-4A90-83F6-635B5D9DBFB0}.Release|ARM.ActiveCfg = Release|Any CPU
		{3D49D528-DDFC-4A90-83F6-635B5D9DBFB0}.Release|iPhone.ActiveCfg = Release|Any CPU
		{3D49D528-DDFC-4A90-83F6-635B5D9DBFB0}.Release|iPhoneSimulator.ActiveCfg = Release|Any CPU
		{3D49D528-DDFC-4A90-83F6-635B5D9DBFB0}.Release|Mixed Platforms.ActiveCfg = Release|Any CPU
		{3D49D528-DDFC-4A90-83F6-635B5D9DBFB0}.Release|Mixed Platforms.Build.0 = Release|Any CPU
		{3D49D528-DDFC-4A90-83F6-635B5D9DBFB0}.Release|x64.ActiveCfg = Release|Any CPU
		{3D49D528-DDFC-4A90-83F6-635B5D9DBFB0}.Release|x86.ActiveCfg = Release|Any CPU
	EndGlobalSection
	GlobalSection(SolutionProperties) = preSolution
		HideSolutionNode = FALSE
	EndGlobalSection
	GlobalSection(NestedProjects) = preSolution
		{6BB70F09-3597-41DB-8D7A-5ED7F417E9E7} = {136B4FC1-197B-480D-9337-16688BB9ADD8}
		{B454CA01-3FE2-40BE-9544-323B3E5FEC22} = {136B4FC1-197B-480D-9337-16688BB9ADD8}
		{0072EC81-4D1E-42AF-B2DE-1B3011A2A5F0} = {136B4FC1-197B-480D-9337-16688BB9ADD8}
		{C65C4C59-B847-4963-B3C2-50DF5D337B11} = {136B4FC1-197B-480D-9337-16688BB9ADD8}
		{F6A51059-B098-49F4-B4DF-5F9FB7383DDB} = {C65C4C59-B847-4963-B3C2-50DF5D337B11}
		{1127CD34-1F55-43F4-BAFD-EC372193F2A8} = {C65C4C59-B847-4963-B3C2-50DF5D337B11}
		{531D4686-3966-40D9-B8B6-549303CA7135} = {C65C4C59-B847-4963-B3C2-50DF5D337B11}
		{028C4DBD-AEBD-4A55-B60B-9B6AC3A01DAB} = {136B4FC1-197B-480D-9337-16688BB9ADD8}
		{F4EC9281-B705-415A-AB1F-A2C33794B677} = {F9C8FE75-071C-4EB4-AE46-D163624E5971}
		{F8CEB270-F655-4357-BC12-6F059F6A9BEC} = {F4EC9281-B705-415A-AB1F-A2C33794B677}
		{062F0DF8-BD61-4EF8-9937-3526D8851DDE} = {F4EC9281-B705-415A-AB1F-A2C33794B677}
		{ACD906FE-0A37-4E40-8E2C-4C7349206458} = {F9C8FE75-071C-4EB4-AE46-D163624E5971}
		{94F08314-4365-4729-B8B8-B5B726E92A92} = {ACD906FE-0A37-4E40-8E2C-4C7349206458}
		{33042CB1-34CA-4435-AD60-EEAB47275DD7} = {ACD906FE-0A37-4E40-8E2C-4C7349206458}
		{410CE135-19FA-4311-A4E9-14C5176E6A46} = {F9C8FE75-071C-4EB4-AE46-D163624E5971}
		{72C52696-62A1-4C34-9D10-C8E80A9078BA} = {410CE135-19FA-4311-A4E9-14C5176E6A46}
		{92AEC6F4-9C34-424B-931C-37464CFCD8CD} = {410CE135-19FA-4311-A4E9-14C5176E6A46}
		{61DA53E8-32FC-4DF5-A369-32BF9AC94728} = {F9C8FE75-071C-4EB4-AE46-D163624E5971}
		{47139E4E-5769-49B3-8523-154A784266E7} = {61DA53E8-32FC-4DF5-A369-32BF9AC94728}
		{78F5BDBA-B79E-4651-8BA9-BA8CCFC7DF22} = {61DA53E8-32FC-4DF5-A369-32BF9AC94728}
		{D9906E16-82D0-4CCB-9364-16512EA2C8B0} = {78F5BDBA-B79E-4651-8BA9-BA8CCFC7DF22}
		{4F6D7E7E-8F67-4104-AF7B-265262B57723} = {78F5BDBA-B79E-4651-8BA9-BA8CCFC7DF22}
		{D1D5ED1F-0736-4DE0-8613-83790C1BE8BE} = {47139E4E-5769-49B3-8523-154A784266E7}
		{25F52A53-4BF2-4C2B-8134-F7ECCC77FBBF} = {47139E4E-5769-49B3-8523-154A784266E7}
		{596ACB28-902B-42B0-B3C4-BA70F1F4CC52} = {F9C8FE75-071C-4EB4-AE46-D163624E5971}
		{80ED9FC1-8ED1-4E39-A3CF-8E276D950C3B} = {596ACB28-902B-42B0-B3C4-BA70F1F4CC52}
	EndGlobalSection
EndGlobal
